// !$*UTF8*$!
{
	archiveVersion = 1;
	classes = {
	};
	objectVersion = 48;
	objects = {

/* Begin PBXBuildFile section */
		43D333081FDC070000985B5B /* AppDelegate.swift in Sources */ = {isa = PBXBuildFile; fileRef = 43D333071FDC070000985B5B /* AppDelegate.swift */; };
		43D3330A1FDC070000985B5B /* ViewController.swift in Sources */ = {isa = PBXBuildFile; fileRef = 43D333091FDC070000985B5B /* ViewController.swift */; };
		43D3330D1FDC070000985B5B /* Main.storyboard in Resources */ = {isa = PBXBuildFile; fileRef = 43D3330B1FDC070000985B5B /* Main.storyboard */; };
		43D333121FDC070000985B5B /* Assets.xcassets in Resources */ = {isa = PBXBuildFile; fileRef = 43D333111FDC070000985B5B /* Assets.xcassets */; };
		43D333151FDC070000985B5B /* LaunchScreen.storyboard in Resources */ = {isa = PBXBuildFile; fileRef = 43D333131FDC070000985B5B /* LaunchScreen.storyboard */; };
		43D333211FDC0BDE00985B5B /* MandaAeViewController.swift in Sources */ = {isa = PBXBuildFile; fileRef = 43D333201FDC0BDE00985B5B /* MandaAeViewController.swift */; };
		43D333231FDC0BED00985B5B /* PorEmailViewController.swift in Sources */ = {isa = PBXBuildFile; fileRef = 43D333221FDC0BED00985B5B /* PorEmailViewController.swift */; };
		43D333251FDC141B00985B5B /* Arredondador.swift in Sources */ = {isa = PBXBuildFile; fileRef = 43D333241FDC141B00985B5B /* Arredondador.swift */; };
		43D333271FDC19EF00985B5B /* Riscador.swift in Sources */ = {isa = PBXBuildFile; fileRef = 43D333261FDC19EF00985B5B /* Riscador.swift */; };
		43D333291FDC386B00985B5B /* PessoaTableViewCell.swift in Sources */ = {isa = PBXBuildFile; fileRef = 43D333281FDC386B00985B5B /* PessoaTableViewCell.swift */; };
/* End PBXBuildFile section */

/* Begin PBXFileReference section */
		43D333041FDC070000985B5B /* quaddro3000912.app */ = {isa = PBXFileReference; explicitFileType = wrapper.application; includeInIndex = 0; path = quaddro3000912.app; sourceTree = BUILT_PRODUCTS_DIR; };
		43D333071FDC070000985B5B /* AppDelegate.swift */ = {isa = PBXFileReference; lastKnownFileType = sourcecode.swift; path = AppDelegate.swift; sourceTree = "<group>"; };
		43D333091FDC070000985B5B /* ViewController.swift */ = {isa = PBXFileReference; lastKnownFileType = sourcecode.swift; path = ViewController.swift; sourceTree = "<group>"; };
		43D3330C1FDC070000985B5B /* Base */ = {isa = PBXFileReference; lastKnownFileType = file.storyboard; name = Base; path = Base.lproj/Main.storyboard; sourceTree = "<group>"; };
		43D333111FDC070000985B5B /* Assets.xcassets */ = {isa = PBXFileReference; lastKnownFileType = folder.assetcatalog; path = Assets.xcassets; sourceTree = "<group>"; };
		43D333141FDC070000985B5B /* Base */ = {isa = PBXFileReference; lastKnownFileType = file.storyboard; name = Base; path = Base.lproj/LaunchScreen.storyboard; sourceTree = "<group>"; };
		43D333161FDC070000985B5B /* Info.plist */ = {isa = PBXFileReference; lastKnownFileType = text.plist.xml; path = Info.plist; sourceTree = "<group>"; };
		43D333201FDC0BDE00985B5B /* MandaAeViewController.swift */ = {isa = PBXFileReference; lastKnownFileType = sourcecode.swift; path = MandaAeViewController.swift; sourceTree = "<group>"; };
		43D333221FDC0BED00985B5B /* PorEmailViewController.swift */ = {isa = PBXFileReference; lastKnownFileType = sourcecode.swift; path = PorEmailViewController.swift; sourceTree = "<group>"; };
		43D333241FDC141B00985B5B /* Arredondador.swift */ = {isa = PBXFileReference; lastKnownFileType = sourcecode.swift; path = Arredondador.swift; sourceTree = "<group>"; };
		43D333261FDC19EF00985B5B /* Riscador.swift */ = {isa = PBXFileReference; lastKnownFileType = sourcecode.swift; path = Riscador.swift; sourceTree = "<group>"; };
		43D333281FDC386B00985B5B /* PessoaTableViewCell.swift */ = {isa = PBXFileReference; lastKnownFileType = sourcecode.swift; path = PessoaTableViewCell.swift; sourceTree = "<group>"; };
/* End PBXFileReference section */

/* Begin PBXFrameworksBuildPhase section */
		43D333011FDC070000985B5B /* Frameworks */ = {
			isa = PBXFrameworksBuildPhase;
			buildActionMask = 2147483647;
			files = (
			);
			runOnlyForDeploymentPostprocessing = 0;
		};
/* End PBXFrameworksBuildPhase section */

/* Begin PBXGroup section */
		43D332FB1FDC070000985B5B = {
			isa = PBXGroup;
			children = (
				43D333061FDC070000985B5B /* quaddro3000912 */,
			);
			sourceTree = "<group>";
		};
		43D333051FDC070000985B5B /* Products */ = {
			isa = PBXGroup;
			children = (
				43D333041FDC070000985B5B /* quaddro3000912.app */,
			);
			name = Products;
			path = ../..;
			sourceTree = "<group>";
		};
		43D333061FDC070000985B5B /* quaddro3000912 */ = {
			isa = PBXGroup;
			children = (
				43D3331F1FDC0A7300985B5B /* Controller */,
				43D3331E1FDC0A6200985B5B /* Layout */,
				43D3331D1FDC0A5100985B5B /* Suporte */,
				43D3331C1FDC0A4600985B5B /* Imagens */,
				43D333161FDC070000985B5B /* Info.plist */,
			);
			path = quaddro3000912;
			sourceTree = "<group>";
		};
		43D3331C1FDC0A4600985B5B /* Imagens */ = {
			isa = PBXGroup;
			children = (
				43D333111FDC070000985B5B /* Assets.xcassets */,
			);
			path = Imagens;
			sourceTree = "<group>";
		};
		43D3331D1FDC0A5100985B5B /* Suporte */ = {
			isa = PBXGroup;
			children = (
				43D333051FDC070000985B5B /* Products */,
				43D333241FDC141B00985B5B /* Arredondador.swift */,
				43D333261FDC19EF00985B5B /* Riscador.swift */,
				43D333281FDC386B00985B5B /* PessoaTableViewCell.swift */,
				43D333071FDC070000985B5B /* AppDelegate.swift */,
			);
			path = Suporte;
			sourceTree = "<group>";
		};
		43D3331E1FDC0A6200985B5B /* Layout */ = {
			isa = PBXGroup;
			children = (
				43D3330B1FDC070000985B5B /* Main.storyboard */,
				43D333131FDC070000985B5B /* LaunchScreen.storyboard */,
			);
			path = Layout;
			sourceTree = "<group>";
		};
		43D3331F1FDC0A7300985B5B /* Controller */ = {
			isa = PBXGroup;
			children = (
				43D333091FDC070000985B5B /* ViewController.swift */,
				43D333201FDC0BDE00985B5B /* MandaAeViewController.swift */,
				43D333221FDC0BED00985B5B /* PorEmailViewController.swift */,
			);
			path = Controller;
			sourceTree = "<group>";
		};
/* End PBXGroup section */

/* Begin PBXNativeTarget section */
		43D333031FDC070000985B5B /* quaddro3000912 */ = {
			isa = PBXNativeTarget;
			buildConfigurationList = 43D333191FDC070000985B5B /* Build configuration list for PBXNativeTarget "quaddro3000912" */;
			buildPhases = (
				43D333001FDC070000985B5B /* Sources */,
				43D333011FDC070000985B5B /* Frameworks */,
				43D333021FDC070000985B5B /* Resources */,
			);
			buildRules = (
			);
			dependencies = (
			);
			name = quaddro3000912;
			productName = quaddro3000912;
			productReference = 43D333041FDC070000985B5B /* quaddro3000912.app */;
			productType = "com.apple.product-type.application";
		};
/* End PBXNativeTarget section */

/* Begin PBXProject section */
		43D332FC1FDC070000985B5B /* Project object */ = {
			isa = PBXProject;
			attributes = {
				LastSwiftUpdateCheck = 0910;
				LastUpgradeCheck = 0910;
				ORGANIZATIONNAME = Swift;
				TargetAttributes = {
					43D333031FDC070000985B5B = {
						CreatedOnToolsVersion = 9.1;
						ProvisioningStyle = Automatic;
					};
				};
			};
			buildConfigurationList = 43D332FF1FDC070000985B5B /* Build configuration list for PBXProject "quaddro3000912" */;
			compatibilityVersion = "Xcode 8.0";
			developmentRegion = en;
			hasScannedForEncodings = 0;
			knownRegions = (
				en,
				Base,
			);
			mainGroup = 43D332FB1FDC070000985B5B;
			productRefGroup = 43D333051FDC070000985B5B /* Products */;
			projectDirPath = "";
			projectRoot = "";
			targets = (
				43D333031FDC070000985B5B /* quaddro3000912 */,
			);
		};
/* End PBXProject section */

/* Begin PBXResourcesBuildPhase section */
		43D333021FDC070000985B5B /* Resources */ = {
			isa = PBXResourcesBuildPhase;
			buildActionMask = 2147483647;
			files = (
				43D333151FDC070000985B5B /* LaunchScreen.storyboard in Resources */,
				43D333121FDC070000985B5B /* Assets.xcassets in Resources */,
				43D3330D1FDC070000985B5B /* Main.storyboard in Resources */,
			);
			runOnlyForDeploymentPostprocessing = 0;
		};
/* End PBXResourcesBuildPhase section */

/* Begin PBXSourcesBuildPhase section */
		43D333001FDC070000985B5B /* Sources */ = {
			isa = PBXSourcesBuildPhase;
			buildActionMask = 2147483647;
			files = (
				43D333271FDC19EF00985B5B /* Riscador.swift in Sources */,
				43D333211FDC0BDE00985B5B /* MandaAeViewController.swift in Sources */,
				43D3330A1FDC070000985B5B /* ViewController.swift in Sources */,
				43D333291FDC386B00985B5B /* PessoaTableViewCell.swift in Sources */,
				43D333251FDC141B00985B5B /* Arredondador.swift in Sources */,
				43D333081FDC070000985B5B /* AppDelegate.swift in Sources */,
				43D333231FDC0BED00985B5B /* PorEmailViewController.swift in Sources */,
			);
			runOnlyForDeploymentPostprocessing = 0;
		};
/* End PBXSourcesBuildPhase section */

/* Begin PBXVariantGroup section */
		43D3330B1FDC070000985B5B /* Main.storyboard */ = {
			isa = PBXVariantGroup;
			children = (
				43D3330C1FDC070000985B5B /* Base */,
			);
			name = Main.storyboard;
			sourceTree = "<group>";
		};
		43D333131FDC070000985B5B /* LaunchScreen.storyboard */ = {
			isa = PBXVariantGroup;
			children = (
				43D333141FDC070000985B5B /* Base */,
			);
			name = LaunchScreen.storyboard;
			sourceTree = "<group>";
		};
/* End PBXVariantGroup section */

/* Begin XCBuildConfiguration section */
		43D333171FDC070000985B5B /* Debug */ = {
			isa = XCBuildConfiguration;
			buildSettings = {
				ALWAYS_SEARCH_USER_PATHS = NO;
				CLANG_ANALYZER_NONNULL = YES;
				CLANG_ANALYZER_NUMBER_OBJECT_CONVERSION = YES_AGGRESSIVE;
				CLANG_CXX_LANGUAGE_STANDARD = "gnu++14";
				CLANG_CXX_LIBRARY = "libc++";
				CLANG_ENABLE_MODULES = YES;
				CLANG_ENABLE_OBJC_ARC = YES;
				CLANG_WARN_BLOCK_CAPTURE_AUTORELEASING = YES;
				CLANG_WARN_BOOL_CONVERSION = YES;
				CLANG_WARN_COMMA = YES;
				CLANG_WARN_CONSTANT_CONVERSION = YES;
				CLANG_WARN_DIRECT_OBJC_ISA_USAGE = YES_ERROR;
				CLANG_WARN_DOCUMENTATION_COMMENTS = YES;
				CLANG_WARN_EMPTY_BODY = YES;
				CLANG_WARN_ENUM_CONVERSION = YES;
				CLANG_WARN_INFINITE_RECURSION = YES;
				CLANG_WARN_INT_CONVERSION = YES;
				CLANG_WARN_NON_LITERAL_NULL_CONVERSION = YES;
				CLANG_WARN_OBJC_LITERAL_CONVERSION = YES;
				CLANG_WARN_OBJC_ROOT_CLASS = YES_ERROR;
				CLANG_WARN_RANGE_LOOP_ANALYSIS = YES;
				CLANG_WARN_STRICT_PROTOTYPES = YES;
				CLANG_WARN_SUSPICIOUS_MOVE = YES;
				CLANG_WARN_UNGUARDED_AVAILABILITY = YES_AGGRESSIVE;
				CLANG_WARN_UNREACHABLE_CODE = YES;
				CLANG_WARN__DUPLICATE_METHOD_MATCH = YES;
				CODE_SIGN_IDENTITY = "iPhone Developer";
				COPY_PHASE_STRIP = NO;
				DEBUG_INFORMATION_FORMAT = dwarf;
				ENABLE_STRICT_OBJC_MSGSEND = YES;
				ENABLE_TESTABILITY = YES;
				GCC_C_LANGUAGE_STANDARD = gnu11;
				GCC_DYNAMIC_NO_PIC = NO;
				GCC_NO_COMMON_BLOCKS = YES;
				GCC_OPTIMIZATION_LEVEL = 0;
				GCC_PREPROCESSOR_DEFINITIONS = (
					"DEBUG=1",
					"$(inherited)",
				);
				GCC_WARN_64_TO_32_BIT_CONVERSION = YES;
				GCC_WARN_ABOUT_RETURN_TYPE = YES_ERROR;
				GCC_WARN_UNDECLARED_SELECTOR = YES;
				GCC_WARN_UNINITIALIZED_AUTOS = YES_AGGRESSIVE;
				GCC_WARN_UNUSED_FUNCTION = YES;
				GCC_WARN_UNUSED_VARIABLE = YES;
				IPHONEOS_DEPLOYMENT_TARGET = 11.1;
				MTL_ENABLE_DEBUG_INFO = YES;
				ONLY_ACTIVE_ARCH = YES;
				SDKROOT = iphoneos;
				SWIFT_ACTIVE_COMPILATION_CONDITIONS = DEBUG;
				SWIFT_OPTIMIZATION_LEVEL = "-Onone";
			};
			name = Debug;
		};
		43D333181FDC070000985B5B /* Release */ = {
			isa = XCBuildConfiguration;
			buildSettings = {
				ALWAYS_SEARCH_USER_PATHS = NO;
				CLANG_ANALYZER_NONNULL = YES;
				CLANG_ANALYZER_NUMBER_OBJECT_CONVERSION = YES_AGGRESSIVE;
				CLANG_CXX_LANGUAGE_STANDARD = "gnu++14";
				CLANG_CXX_LIBRARY = "libc++";
				CLANG_ENABLE_MODULES = YES;
				CLANG_ENABLE_OBJC_ARC = YES;
				CLANG_WARN_BLOCK_CAPTURE_AUTORELEASING = YES;
				CLANG_WARN_BOOL_CONVERSION = YES;
				CLANG_WARN_COMMA = YES;
				CLANG_WARN_CONSTANT_CONVERSION = YES;
				CLANG_WARN_DIRECT_OBJC_ISA_USAGE = YES_ERROR;
				CLANG_WARN_DOCUMENTATION_COMMENTS = YES;
				CLANG_WARN_EMPTY_BODY = YES;
				CLANG_WARN_ENUM_CONVERSION = YES;
				CLANG_WARN_INFINITE_RECURSION = YES;
				CLANG_WARN_INT_CONVERSION = YES;
				CLANG_WARN_NON_LITERAL_NULL_CONVERSION = YES;
				CLANG_WARN_OBJC_LITERAL_CONVERSION = YES;
				CLANG_WARN_OBJC_ROOT_CLASS = YES_ERROR;
				CLANG_WARN_RANGE_LOOP_ANALYSIS = YES;
				CLANG_WARN_STRICT_PROTOTYPES = YES;
				CLANG_WARN_SUSPICIOUS_MOVE = YES;
				CLANG_WARN_UNGUARDED_AVAILABILITY = YES_AGGRESSIVE;
				CLANG_WARN_UNREACHABLE_CODE = YES;
				CLANG_WARN__DUPLICATE_METHOD_MATCH = YES;
				CODE_SIGN_IDENTITY = "iPhone Developer";
				COPY_PHASE_STRIP = NO;
				DEBUG_INFORMATION_FORMAT = "dwarf-with-dsym";
				ENABLE_NS_ASSERTIONS = NO;
				ENABLE_STRICT_OBJC_MSGSEND = YES;
				GCC_C_LANGUAGE_STANDARD = gnu11;
				GCC_NO_COMMON_BLOCKS = YES;
				GCC_WARN_64_TO_32_BIT_CONVERSION = YES;
				GCC_WARN_ABOUT_RETURN_TYPE = YES_ERROR;
				GCC_WARN_UNDECLARED_SELECTOR = YES;
				GCC_WARN_UNINITIALIZED_AUTOS = YES_AGGRESSIVE;
				GCC_WARN_UNUSED_FUNCTION = YES;
				GCC_WARN_UNUSED_VARIABLE = YES;
				IPHONEOS_DEPLOYMENT_TARGET = 11.1;
				MTL_ENABLE_DEBUG_INFO = NO;
				SDKROOT = iphoneos;
				SWIFT_OPTIMIZATION_LEVEL = "-Owholemodule";
				VALIDATE_PRODUCT = YES;
			};
			name = Release;
		};
		43D3331A1FDC070000985B5B /* Debug */ = {
			isa = XCBuildConfiguration;
			buildSettings = {
				ASSETCATALOG_COMPILER_APPICON_NAME = AppIcon;
				CODE_SIGN_STYLE = Automatic;
				DEVELOPMENT_TEAM = 6M52ZTU4DG;
				INFOPLIST_FILE = quaddro3000912/Info.plist;
				LD_RUNPATH_SEARCH_PATHS = "$(inherited) @executable_path/Frameworks";
				PRODUCT_BUNDLE_IDENTIFIER = io.nilo.pessoas.6.quaddro3000912;
				PRODUCT_NAME = "$(TARGET_NAME)";
				SWIFT_VERSION = 4.0;
				TARGETED_DEVICE_FAMILY = "1,2";
			};
			name = Debug;
		};
		43D3331B1FDC070000985B5B /* Release */ = {
			isa = XCBuildConfiguration;
			buildSettings = {
				ASSETCATALOG_COMPILER_APPICON_NAME = AppIcon;
				CODE_SIGN_STYLE = Automatic;
				DEVELOPMENT_TEAM = 6M52ZTU4DG;
				INFOPLIST_FILE = quaddro3000912/Info.plist;
				LD_RUNPATH_SEARCH_PATHS = "$(inherited) @executable_path/Frameworks";
				PRODUCT_BUNDLE_IDENTIFIER = io.nilo.pessoas.6.quaddro3000912;
				PRODUCT_NAME = "$(TARGET_NAME)";
				SWIFT_VERSION = 4.0;
				TARGETED_DEVICE_FAMILY = "1,2";
			};
			name = Release;
		};
/* End XCBuildConfiguration section */

/* Begin XCConfigurationList section */
		43D332FF1FDC070000985B5B /* Build configuration list for PBXProject "quaddro3000912" */ = {
			isa = XCConfigurationList;
			buildConfigurations = (
				43D333171FDC070000985B5B /* Debug */,
				43D333181FDC070000985B5B /* Release */,
			);
			defaultConfigurationIsVisible = 0;
			defaultConfigurationName = Release;
		};
		43D333191FDC070000985B5B /* Build configuration list for PBXNativeTarget "quaddro3000912" */ = {
			isa = XCConfigurationList;
			buildConfigurations = (
				43D3331A1FDC070000985B5B /* Debug */,
				43D3331B1FDC070000985B5B /* Release */,
			);
			defaultConfigurationIsVisible = 0;
			defaultConfigurationName = Release;
		};
/* End XCConfigurationList section */
	};
	rootObject = 43D332FC1FDC070000985B5B /* Project object */;
}
