// !$*UTF8*$!
{
	archiveVersion = 1;
	classes = {
	};
	objectVersion = 46;
	objects = {

/* Begin PBXBuildFile section */
		438CD7B51F7FFB2200C9E223 /* AppDelegate.swift in Sources */ = {isa = PBXBuildFile; fileRef = 438CD7B41F7FFB2200C9E223 /* AppDelegate.swift */; };
		438CD7BA1F7FFB2300C9E223 /* Main.storyboard in Resources */ = {isa = PBXBuildFile; fileRef = 438CD7B81F7FFB2300C9E223 /* Main.storyboard */; };
		438CD7BC1F7FFB2300C9E223 /* Assets.xcassets in Resources */ = {isa = PBXBuildFile; fileRef = 438CD7BB1F7FFB2300C9E223 /* Assets.xcassets */; };
		438CD7BF1F7FFB2300C9E223 /* LaunchScreen.storyboard in Resources */ = {isa = PBXBuildFile; fileRef = 438CD7BD1F7FFB2300C9E223 /* LaunchScreen.storyboard */; };
		438CD7CB1F7FFB8400C9E223 /* Arredondador.swift in Sources */ = {isa = PBXBuildFile; fileRef = 438CD7C91F7FFB8400C9E223 /* Arredondador.swift */; };
		438CD7CC1F7FFB8400C9E223 /* QuaddroForecaster.swift in Sources */ = {isa = PBXBuildFile; fileRef = 438CD7CA1F7FFB8400C9E223 /* QuaddroForecaster.swift */; };
		438CD7D01F7FFC4D00C9E223 /* TempoViewController.swift in Sources */ = {isa = PBXBuildFile; fileRef = 438CD7CF1F7FFC4D00C9E223 /* TempoViewController.swift */; };
		438CD7D21F7FFC5A00C9E223 /* AjustesViewController.swift in Sources */ = {isa = PBXBuildFile; fileRef = 438CD7D11F7FFC5A00C9E223 /* AjustesViewController.swift */; };
		438CD7D41F80142800C9E223 /* App.swift in Sources */ = {isa = PBXBuildFile; fileRef = 438CD7D31F80142800C9E223 /* App.swift */; };
/* End PBXBuildFile section */

/* Begin PBXFileReference section */
		438CD7B11F7FFB2200C9E223 /* Swift200_Day8_TableStack.app */ = {isa = PBXFileReference; explicitFileType = wrapper.application; includeInIndex = 0; path = Swift200_Day8_TableStack.app; sourceTree = BUILT_PRODUCTS_DIR; };
		438CD7B41F7FFB2200C9E223 /* AppDelegate.swift */ = {isa = PBXFileReference; lastKnownFileType = sourcecode.swift; path = AppDelegate.swift; sourceTree = "<group>"; };
		438CD7B91F7FFB2300C9E223 /* Base */ = {isa = PBXFileReference; lastKnownFileType = file.storyboard; name = Base; path = Base.lproj/Main.storyboard; sourceTree = "<group>"; };
		438CD7BB1F7FFB2300C9E223 /* Assets.xcassets */ = {isa = PBXFileReference; lastKnownFileType = folder.assetcatalog; path = Assets.xcassets; sourceTree = "<group>"; };
		438CD7BE1F7FFB2300C9E223 /* Base */ = {isa = PBXFileReference; lastKnownFileType = file.storyboard; name = Base; path = Base.lproj/LaunchScreen.storyboard; sourceTree = "<group>"; };
		438CD7C01F7FFB2300C9E223 /* Info.plist */ = {isa = PBXFileReference; lastKnownFileType = text.plist.xml; path = Info.plist; sourceTree = "<group>"; };
		438CD7C91F7FFB8400C9E223 /* Arredondador.swift */ = {isa = PBXFileReference; fileEncoding = 4; lastKnownFileType = sourcecode.swift; path = Arredondador.swift; sourceTree = "<group>"; };
		438CD7CA1F7FFB8400C9E223 /* QuaddroForecaster.swift */ = {isa = PBXFileReference; fileEncoding = 4; lastKnownFileType = sourcecode.swift; path = QuaddroForecaster.swift; sourceTree = "<group>"; };
		438CD7CF1F7FFC4D00C9E223 /* TempoViewController.swift */ = {isa = PBXFileReference; fileEncoding = 4; lastKnownFileType = sourcecode.swift; path = TempoViewController.swift; sourceTree = "<group>"; };
		438CD7D11F7FFC5A00C9E223 /* AjustesViewController.swift */ = {isa = PBXFileReference; fileEncoding = 4; lastKnownFileType = sourcecode.swift; path = AjustesViewController.swift; sourceTree = "<group>"; };
		438CD7D31F80142800C9E223 /* App.swift */ = {isa = PBXFileReference; fileEncoding = 4; lastKnownFileType = sourcecode.swift; path = App.swift; sourceTree = "<group>"; };
/* End PBXFileReference section */

/* Begin PBXFrameworksBuildPhase section */
		438CD7AE1F7FFB2200C9E223 /* Frameworks */ = {
			isa = PBXFrameworksBuildPhase;
			buildActionMask = 2147483647;
			files = (
			);
			runOnlyForDeploymentPostprocessing = 0;
		};
/* End PBXFrameworksBuildPhase section */

/* Begin PBXGroup section */
		438CD7A81F7FFB2100C9E223 = {
			isa = PBXGroup;
			children = (
				438CD7B31F7FFB2200C9E223 /* Swift200_Day8_TableStack */,
			);
			sourceTree = "<group>";
		};
		438CD7B21F7FFB2200C9E223 /* Products */ = {
			isa = PBXGroup;
			children = (
				438CD7B11F7FFB2200C9E223 /* Swift200_Day8_TableStack.app */,
			);
			name = Products;
			path = ..;
			sourceTree = "<group>";
		};
		438CD7B31F7FFB2200C9E223 /* Swift200_Day8_TableStack */ = {
			isa = PBXGroup;
			children = (
				438CD7C81F7FFB3C00C9E223 /* Layout */,
				438CD7C71F7FFB3500C9E223 /* Imagens */,
				438CD7C61F7FFB2C00C9E223 /* Suporte */,
				438CD7B41F7FFB2200C9E223 /* AppDelegate.swift */,
				438CD7CF1F7FFC4D00C9E223 /* TempoViewController.swift */,
				438CD7D11F7FFC5A00C9E223 /* AjustesViewController.swift */,
				438CD7D31F80142800C9E223 /* App.swift */,
			);
			path = Swift200_Day8_TableStack;
			sourceTree = "<group>";
		};
		438CD7C61F7FFB2C00C9E223 /* Suporte */ = {
			isa = PBXGroup;
			children = (
				438CD7B21F7FFB2200C9E223 /* Products */,
				438CD7C01F7FFB2300C9E223 /* Info.plist */,
				438CD7C91F7FFB8400C9E223 /* Arredondador.swift */,
				438CD7CA1F7FFB8400C9E223 /* QuaddroForecaster.swift */,
			);
			name = Suporte;
			sourceTree = "<group>";
		};
		438CD7C71F7FFB3500C9E223 /* Imagens */ = {
			isa = PBXGroup;
			children = (
				438CD7BB1F7FFB2300C9E223 /* Assets.xcassets */,
			);
			name = Imagens;
			sourceTree = "<group>";
		};
		438CD7C81F7FFB3C00C9E223 /* Layout */ = {
			isa = PBXGroup;
			children = (
				438CD7B81F7FFB2300C9E223 /* Main.storyboard */,
				438CD7BD1F7FFB2300C9E223 /* LaunchScreen.storyboard */,
			);
			name = Layout;
			sourceTree = "<group>";
		};
/* End PBXGroup section */

/* Begin PBXNativeTarget section */
		438CD7B01F7FFB2200C9E223 /* Swift200_Day8_TableStack */ = {
			isa = PBXNativeTarget;
			buildConfigurationList = 438CD7C31F7FFB2300C9E223 /* Build configuration list for PBXNativeTarget "Swift200_Day8_TableStack" */;
			buildPhases = (
				438CD7AD1F7FFB2200C9E223 /* Sources */,
				438CD7AE1F7FFB2200C9E223 /* Frameworks */,
				438CD7AF1F7FFB2200C9E223 /* Resources */,
			);
			buildRules = (
			);
			dependencies = (
			);
			name = Swift200_Day8_TableStack;
			productName = Swift200_Day8_TableStack;
			productReference = 438CD7B11F7FFB2200C9E223 /* Swift200_Day8_TableStack.app */;
			productType = "com.apple.product-type.application";
		};
/* End PBXNativeTarget section */

/* Begin PBXProject section */
		438CD7A91F7FFB2100C9E223 /* Project object */ = {
			isa = PBXProject;
			attributes = {
				LastSwiftUpdateCheck = 0830;
				LastUpgradeCheck = 0830;
				ORGANIZATIONNAME = quaddro;
				TargetAttributes = {
					438CD7B01F7FFB2200C9E223 = {
						CreatedOnToolsVersion = 8.3;
						ProvisioningStyle = Automatic;
					};
				};
			};
			buildConfigurationList = 438CD7AC1F7FFB2100C9E223 /* Build configuration list for PBXProject "Swift200_Day8_TableStack" */;
			compatibilityVersion = "Xcode 3.2";
			developmentRegion = English;
			hasScannedForEncodings = 0;
			knownRegions = (
				en,
				Base,
			);
			mainGroup = 438CD7A81F7FFB2100C9E223;
			productRefGroup = 438CD7B21F7FFB2200C9E223 /* Products */;
			projectDirPath = "";
			projectRoot = "";
			targets = (
				438CD7B01F7FFB2200C9E223 /* Swift200_Day8_TableStack */,
			);
		};
/* End PBXProject section */

/* Begin PBXResourcesBuildPhase section */
		438CD7AF1F7FFB2200C9E223 /* Resources */ = {
			isa = PBXResourcesBuildPhase;
			buildActionMask = 2147483647;
			files = (
				438CD7BF1F7FFB2300C9E223 /* LaunchScreen.storyboard in Resources */,
				438CD7BC1F7FFB2300C9E223 /* Assets.xcassets in Resources */,
				438CD7BA1F7FFB2300C9E223 /* Main.storyboard in Resources */,
			);
			runOnlyForDeploymentPostprocessing = 0;
		};
/* End PBXResourcesBuildPhase section */

/* Begin PBXSourcesBuildPhase section */
		438CD7AD1F7FFB2200C9E223 /* Sources */ = {
			isa = PBXSourcesBuildPhase;
			buildActionMask = 2147483647;
			files = (
				438CD7D01F7FFC4D00C9E223 /* TempoViewController.swift in Sources */,
				438CD7D21F7FFC5A00C9E223 /* AjustesViewController.swift in Sources */,
				438CD7CC1F7FFB8400C9E223 /* QuaddroForecaster.swift in Sources */,
				438CD7D41F80142800C9E223 /* App.swift in Sources */,
				438CD7CB1F7FFB8400C9E223 /* Arredondador.swift in Sources */,
				438CD7B51F7FFB2200C9E223 /* AppDelegate.swift in Sources */,
			);
			runOnlyForDeploymentPostprocessing = 0;
		};
/* End PBXSourcesBuildPhase section */

/* Begin PBXVariantGroup section */
		438CD7B81F7FFB2300C9E223 /* Main.storyboard */ = {
			isa = PBXVariantGroup;
			children = (
				438CD7B91F7FFB2300C9E223 /* Base */,
			);
			name = Main.storyboard;
			sourceTree = "<group>";
		};
		438CD7BD1F7FFB2300C9E223 /* LaunchScreen.storyboard */ = {
			isa = PBXVariantGroup;
			children = (
				438CD7BE1F7FFB2300C9E223 /* Base */,
			);
			name = LaunchScreen.storyboard;
			sourceTree = "<group>";
		};
/* End PBXVariantGroup section */

/* Begin XCBuildConfiguration section */
		438CD7C11F7FFB2300C9E223 /* Debug */ = {
			isa = XCBuildConfiguration;
			buildSettings = {
				ALWAYS_SEARCH_USER_PATHS = NO;
				CLANG_ANALYZER_NONNULL = YES;
				CLANG_ANALYZER_NUMBER_OBJECT_CONVERSION = YES_AGGRESSIVE;
				CLANG_CXX_LANGUAGE_STANDARD = "gnu++0x";
				CLANG_CXX_LIBRARY = "libc++";
				CLANG_ENABLE_MODULES = YES;
				CLANG_ENABLE_OBJC_ARC = YES;
				CLANG_WARN_BOOL_CONVERSION = YES;
				CLANG_WARN_CONSTANT_CONVERSION = YES;
				CLANG_WARN_DIRECT_OBJC_ISA_USAGE = YES_ERROR;
				CLANG_WARN_DOCUMENTATION_COMMENTS = YES;
				CLANG_WARN_EMPTY_BODY = YES;
				CLANG_WARN_ENUM_CONVERSION = YES;
				CLANG_WARN_INFINITE_RECURSION = YES;
				CLANG_WARN_INT_CONVERSION = YES;
				CLANG_WARN_OBJC_ROOT_CLASS = YES_ERROR;
				CLANG_WARN_SUSPICIOUS_MOVE = YES;
				CLANG_WARN_UNREACHABLE_CODE = YES;
				CLANG_WARN__DUPLICATE_METHOD_MATCH = YES;
				"CODE_SIGN_IDENTITY[sdk=iphoneos*]" = "iPhone Developer";
				COPY_PHASE_STRIP = NO;
				DEBUG_INFORMATION_FORMAT = dwarf;
				ENABLE_STRICT_OBJC_MSGSEND = YES;
				ENABLE_TESTABILITY = YES;
				GCC_C_LANGUAGE_STANDARD = gnu99;
				GCC_DYNAMIC_NO_PIC = NO;
				GCC_NO_COMMON_BLOCKS = YES;
				GCC_OPTIMIZATION_LEVEL = 0;
				GCC_PREPROCESSOR_DEFINITIONS = (
					"DEBUG=1",
					"$(inherited)",
				);
				GCC_WARN_64_TO_32_BIT_CONVERSION = YES;
				GCC_WARN_ABOUT_RETURN_TYPE = YES_ERROR;
				GCC_WARN_UNDECLARED_SELECTOR = YES;
				GCC_WARN_UNINITIALIZED_AUTOS = YES_AGGRESSIVE;
				GCC_WARN_UNUSED_FUNCTION = YES;
				GCC_WARN_UNUSED_VARIABLE = YES;
				IPHONEOS_DEPLOYMENT_TARGET = 10.3;
				MTL_ENABLE_DEBUG_INFO = YES;
				ONLY_ACTIVE_ARCH = YES;
				SDKROOT = iphoneos;
				SWIFT_ACTIVE_COMPILATION_CONDITIONS = DEBUG;
				SWIFT_OPTIMIZATION_LEVEL = "-Onone";
				TARGETED_DEVICE_FAMILY = "1,2";
			};
			name = Debug;
		};
		438CD7C21F7FFB2300C9E223 /* Release */ = {
			isa = XCBuildConfiguration;
			buildSettings = {
				ALWAYS_SEARCH_USER_PATHS = NO;
				CLANG_ANALYZER_NONNULL = YES;
				CLANG_ANALYZER_NUMBER_OBJECT_CONVERSION = YES_AGGRESSIVE;
				CLANG_CXX_LANGUAGE_STANDARD = "gnu++0x";
				CLANG_CXX_LIBRARY = "libc++";
				CLANG_ENABLE_MODULES = YES;
				CLANG_ENABLE_OBJC_ARC = YES;
				CLANG_WARN_BOOL_CONVERSION = YES;
				CLANG_WARN_CONSTANT_CONVERSION = YES;
				CLANG_WARN_DIRECT_OBJC_ISA_USAGE = YES_ERROR;
				CLANG_WARN_DOCUMENTATION_COMMENTS = YES;
				CLANG_WARN_EMPTY_BODY = YES;
				CLANG_WARN_ENUM_CONVERSION = YES;
				CLANG_WARN_INFINITE_RECURSION = YES;
				CLANG_WARN_INT_CONVERSION = YES;
				CLANG_WARN_OBJC_ROOT_CLASS = YES_ERROR;
				CLANG_WARN_SUSPICIOUS_MOVE = YES;
				CLANG_WARN_UNREACHABLE_CODE = YES;
				CLANG_WARN__DUPLICATE_METHOD_MATCH = YES;
				"CODE_SIGN_IDENTITY[sdk=iphoneos*]" = "iPhone Developer";
				COPY_PHASE_STRIP = NO;
				DEBUG_INFORMATION_FORMAT = "dwarf-with-dsym";
				ENABLE_NS_ASSERTIONS = NO;
				ENABLE_STRICT_OBJC_MSGSEND = YES;
				GCC_C_LANGUAGE_STANDARD = gnu99;
				GCC_NO_COMMON_BLOCKS = YES;
				GCC_WARN_64_TO_32_BIT_CONVERSION = YES;
				GCC_WARN_ABOUT_RETURN_TYPE = YES_ERROR;
				GCC_WARN_UNDECLARED_SELECTOR = YES;
				GCC_WARN_UNINITIALIZED_AUTOS = YES_AGGRESSIVE;
				GCC_WARN_UNUSED_FUNCTION = YES;
				GCC_WARN_UNUSED_VARIABLE = YES;
				IPHONEOS_DEPLOYMENT_TARGET = 10.3;
				MTL_ENABLE_DEBUG_INFO = NO;
				SDKROOT = iphoneos;
				SWIFT_OPTIMIZATION_LEVEL = "-Owholemodule";
				TARGETED_DEVICE_FAMILY = "1,2";
				VALIDATE_PRODUCT = YES;
			};
			name = Release;
		};
		438CD7C41F7FFB2300C9E223 /* Debug */ = {
			isa = XCBuildConfiguration;
			buildSettings = {
				ASSETCATALOG_COMPILER_APPICON_NAME = AppIcon;
				INFOPLIST_FILE = Swift200_Day8_TableStack/Info.plist;
				LD_RUNPATH_SEARCH_PATHS = "$(inherited) @executable_path/Frameworks";
				PRODUCT_BUNDLE_IDENTIFIER = "br.com.quaddro.Swift200-Day8-TableStack";
				PRODUCT_NAME = "$(TARGET_NAME)";
				SWIFT_VERSION = 3.0;
			};
			name = Debug;
		};
		438CD7C51F7FFB2300C9E223 /* Release */ = {
			isa = XCBuildConfiguration;
			buildSettings = {
				ASSETCATALOG_COMPILER_APPICON_NAME = AppIcon;
				INFOPLIST_FILE = Swift200_Day8_TableStack/Info.plist;
				LD_RUNPATH_SEARCH_PATHS = "$(inherited) @executable_path/Frameworks";
				PRODUCT_BUNDLE_IDENTIFIER = "br.com.quaddro.Swift200-Day8-TableStack";
				PRODUCT_NAME = "$(TARGET_NAME)";
				SWIFT_VERSION = 3.0;
			};
			name = Release;
		};
/* End XCBuildConfiguration section */

/* Begin XCConfigurationList section */
		438CD7AC1F7FFB2100C9E223 /* Build configuration list for PBXProject "Swift200_Day8_TableStack" */ = {
			isa = XCConfigurationList;
			buildConfigurations = (
				438CD7C11F7FFB2300C9E223 /* Debug */,
				438CD7C21F7FFB2300C9E223 /* Release */,
			);
			defaultConfigurationIsVisible = 0;
			defaultConfigurationName = Release;
		};
		438CD7C31F7FFB2300C9E223 /* Build configuration list for PBXNativeTarget "Swift200_Day8_TableStack" */ = {
			isa = XCConfigurationList;
			buildConfigurations = (
				438CD7C41F7FFB2300C9E223 /* Debug */,
				438CD7C51F7FFB2300C9E223 /* Release */,
			);
			defaultConfigurationIsVisible = 0;
		};
/* End XCConfigurationList section */
	};
	rootObject = 438CD7A91F7FFB2100C9E223 /* Project object */;
}
