// !$*UTF8*$!
{
	archiveVersion = 1;
	classes = {
	};
	objectVersion = 46;
	objects = {

/* Begin PBXBuildFile section */
		D00983CA1F7B21E2002EF018 /* TelaSettingsViewController.swift in Sources */ = {isa = PBXBuildFile; fileRef = D00983C91F7B21E2002EF018 /* TelaSettingsViewController.swift */; };
		D00EC05D1F7BCF9000198884 /* LateralMenuController.swift in Sources */ = {isa = PBXBuildFile; fileRef = D00EC05C1F7BCF9000198884 /* LateralMenuController.swift */; };
		D0B187501F79C4CA00DC1D5B /* TelaPremio.xib in Resources */ = {isa = PBXBuildFile; fileRef = D0B1874F1F79C4CA00DC1D5B /* TelaPremio.xib */; };
		D0B187531F79D5D700DC1D5B /* TelaSettingsViewController.xib in Resources */ = {isa = PBXBuildFile; fileRef = D0B187521F79D5D700DC1D5B /* TelaSettingsViewController.xib */; };
		D0BFBF061F756A92009B1F11 /* AppDelegate.swift in Sources */ = {isa = PBXBuildFile; fileRef = D0BFBF051F756A92009B1F11 /* AppDelegate.swift */; };
		D0BFBF081F756A92009B1F11 /* ViewController.swift in Sources */ = {isa = PBXBuildFile; fileRef = D0BFBF071F756A92009B1F11 /* ViewController.swift */; };
		D0BFBF0B1F756A92009B1F11 /* Main.storyboard in Resources */ = {isa = PBXBuildFile; fileRef = D0BFBF091F756A92009B1F11 /* Main.storyboard */; };
		D0BFBF0D1F756A92009B1F11 /* Assets.xcassets in Resources */ = {isa = PBXBuildFile; fileRef = D0BFBF0C1F756A92009B1F11 /* Assets.xcassets */; };
		D0BFBF101F756A92009B1F11 /* LaunchScreen.storyboard in Resources */ = {isa = PBXBuildFile; fileRef = D0BFBF0E1F756A92009B1F11 /* LaunchScreen.storyboard */; };
		D0F88F901F784DFD003424BA /* RoundViewsCustom.swift in Sources */ = {isa = PBXBuildFile; fileRef = D0F88F8F1F784DFD003424BA /* RoundViewsCustom.swift */; };
		D0F88F941F7861F2003424BA /* LateralMenuView.swift in Sources */ = {isa = PBXBuildFile; fileRef = D0F88F931F7861F2003424BA /* LateralMenuView.swift */; };
/* End PBXBuildFile section */

/* Begin PBXFileReference section */
		D00983C91F7B21E2002EF018 /* TelaSettingsViewController.swift */ = {isa = PBXFileReference; lastKnownFileType = sourcecode.swift; path = TelaSettingsViewController.swift; sourceTree = "<group>"; };
		D00EC05C1F7BCF9000198884 /* LateralMenuController.swift */ = {isa = PBXFileReference; lastKnownFileType = sourcecode.swift; path = LateralMenuController.swift; sourceTree = "<group>"; };
		D0B1874F1F79C4CA00DC1D5B /* TelaPremio.xib */ = {isa = PBXFileReference; fileEncoding = 4; lastKnownFileType = file.xib; path = TelaPremio.xib; sourceTree = "<group>"; };
		D0B187521F79D5D700DC1D5B /* TelaSettingsViewController.xib */ = {isa = PBXFileReference; fileEncoding = 4; lastKnownFileType = file.xib; path = TelaSettingsViewController.xib; sourceTree = "<group>"; };
		D0BFBF021F756A92009B1F11 /* EdpOnline.app */ = {isa = PBXFileReference; explicitFileType = wrapper.application; includeInIndex = 0; path = EdpOnline.app; sourceTree = BUILT_PRODUCTS_DIR; };
		D0BFBF051F756A92009B1F11 /* AppDelegate.swift */ = {isa = PBXFileReference; lastKnownFileType = sourcecode.swift; path = AppDelegate.swift; sourceTree = "<group>"; };
		D0BFBF071F756A92009B1F11 /* ViewController.swift */ = {isa = PBXFileReference; lastKnownFileType = sourcecode.swift; path = ViewController.swift; sourceTree = "<group>"; };
		D0BFBF0A1F756A92009B1F11 /* Base */ = {isa = PBXFileReference; lastKnownFileType = file.storyboard; name = Base; path = Base.lproj/Main.storyboard; sourceTree = "<group>"; };
		D0BFBF0C1F756A92009B1F11 /* Assets.xcassets */ = {isa = PBXFileReference; lastKnownFileType = folder.assetcatalog; path = Assets.xcassets; sourceTree = "<group>"; };
		D0BFBF0F1F756A92009B1F11 /* Base */ = {isa = PBXFileReference; lastKnownFileType = file.storyboard; name = Base; path = Base.lproj/LaunchScreen.storyboard; sourceTree = "<group>"; };
		D0BFBF111F756A92009B1F11 /* Info.plist */ = {isa = PBXFileReference; lastKnownFileType = text.plist.xml; path = Info.plist; sourceTree = "<group>"; };
		D0F88F8F1F784DFD003424BA /* RoundViewsCustom.swift */ = {isa = PBXFileReference; fileEncoding = 4; lastKnownFileType = sourcecode.swift; path = RoundViewsCustom.swift; sourceTree = "<group>"; };
		D0F88F931F7861F2003424BA /* LateralMenuView.swift */ = {isa = PBXFileReference; fileEncoding = 4; lastKnownFileType = sourcecode.swift; path = LateralMenuView.swift; sourceTree = "<group>"; };
/* End PBXFileReference section */

/* Begin PBXFrameworksBuildPhase section */
		D0BFBEFF1F756A92009B1F11 /* Frameworks */ = {
			isa = PBXFrameworksBuildPhase;
			buildActionMask = 2147483647;
			files = (
			);
			runOnlyForDeploymentPostprocessing = 0;
		};
/* End PBXFrameworksBuildPhase section */

/* Begin PBXGroup section */
		D0B1874A1F79C3EF00DC1D5B /* Controller */ = {
			isa = PBXGroup;
			children = (
				D0BFBF071F756A92009B1F11 /* ViewController.swift */,
				D0BFBF051F756A92009B1F11 /* AppDelegate.swift */,
				D00EC05C1F7BCF9000198884 /* LateralMenuController.swift */,
			);
			name = Controller;
			sourceTree = "<group>";
		};
		D0B1874B1F79C40C00DC1D5B /* Layout */ = {
			isa = PBXGroup;
			children = (
				D0B187511F79D59D00DC1D5B /* TelaSettingsViewController */,
				D0B1874E1F79C43A00DC1D5B /* TelaPremios */,
				D0BFBF091F756A92009B1F11 /* Main.storyboard */,
				D0BFBF0E1F756A92009B1F11 /* LaunchScreen.storyboard */,
				D0B1874A1F79C3EF00DC1D5B /* Controller */,
			);
			name = Layout;
			sourceTree = "<group>";
		};
		D0B1874C1F79C41700DC1D5B /* Imagem */ = {
			isa = PBXGroup;
			children = (
				D0BFBF0C1F756A92009B1F11 /* Assets.xcassets */,
			);
			name = Imagem;
			sourceTree = "<group>";
		};
		D0B1874D1F79C42400DC1D5B /* Suporte */ = {
			isa = PBXGroup;
			children = (
				D0BFBF031F756A92009B1F11 /* Products */,
				D0BFBF111F756A92009B1F11 /* Info.plist */,
			);
			name = Suporte;
			sourceTree = "<group>";
		};
		D0B1874E1F79C43A00DC1D5B /* TelaPremios */ = {
			isa = PBXGroup;
			children = (
				D0B1874F1F79C4CA00DC1D5B /* TelaPremio.xib */,
			);
			name = TelaPremios;
			sourceTree = "<group>";
		};
		D0B187511F79D59D00DC1D5B /* TelaSettingsViewController */ = {
			isa = PBXGroup;
			children = (
				D0B187521F79D5D700DC1D5B /* TelaSettingsViewController.xib */,
				D00983C91F7B21E2002EF018 /* TelaSettingsViewController.swift */,
			);
			name = TelaSettingsViewController;
			sourceTree = "<group>";
		};
		D0BFBEF91F756A92009B1F11 = {
			isa = PBXGroup;
			children = (
				D0BFBF041F756A92009B1F11 /* EdpOnline */,
			);
			sourceTree = "<group>";
		};
		D0BFBF031F756A92009B1F11 /* Products */ = {
			isa = PBXGroup;
			children = (
				D0BFBF021F756A92009B1F11 /* EdpOnline.app */,
			);
			name = Products;
			path = ..;
			sourceTree = "<group>";
		};
		D0BFBF041F756A92009B1F11 /* EdpOnline */ = {
			isa = PBXGroup;
			children = (
				D0B1874D1F79C42400DC1D5B /* Suporte */,
				D0B1874C1F79C41700DC1D5B /* Imagem */,
				D0B1874B1F79C40C00DC1D5B /* Layout */,
				D0F88F8F1F784DFD003424BA /* RoundViewsCustom.swift */,
				D0F88F931F7861F2003424BA /* LateralMenuView.swift */,
			);
			path = EdpOnline;
			sourceTree = "<group>";
		};
/* End PBXGroup section */

/* Begin PBXNativeTarget section */
		D0BFBF011F756A92009B1F11 /* EdpOnline */ = {
			isa = PBXNativeTarget;
			buildConfigurationList = D0BFBF141F756A92009B1F11 /* Build configuration list for PBXNativeTarget "EdpOnline" */;
			buildPhases = (
				D0BFBEFE1F756A92009B1F11 /* Sources */,
				D0BFBEFF1F756A92009B1F11 /* Frameworks */,
				D0BFBF001F756A92009B1F11 /* Resources */,
			);
			buildRules = (
			);
			dependencies = (
			);
			name = EdpOnline;
			productName = EdpOnline;
			productReference = D0BFBF021F756A92009B1F11 /* EdpOnline.app */;
			productType = "com.apple.product-type.application";
		};
/* End PBXNativeTarget section */

/* Begin PBXProject section */
		D0BFBEFA1F756A92009B1F11 /* Project object */ = {
			isa = PBXProject;
			attributes = {
				LastSwiftUpdateCheck = 0830;
				LastUpgradeCheck = 0900;
				ORGANIZATIONNAME = "MACBOOK AIR";
				TargetAttributes = {
					D0BFBF011F756A92009B1F11 = {
						CreatedOnToolsVersion = 8.3.3;
						DevelopmentTeam = 62SLG68Y9S;
						LastSwiftMigration = 0900;
						ProvisioningStyle = Automatic;
					};
				};
			};
			buildConfigurationList = D0BFBEFD1F756A92009B1F11 /* Build configuration list for PBXProject "EdpOnline" */;
			compatibilityVersion = "Xcode 3.2";
			developmentRegion = English;
			hasScannedForEncodings = 0;
			knownRegions = (
				en,
				Base,
			);
			mainGroup = D0BFBEF91F756A92009B1F11;
			productRefGroup = D0BFBF031F756A92009B1F11 /* Products */;
			projectDirPath = "";
			projectRoot = "";
			targets = (
				D0BFBF011F756A92009B1F11 /* EdpOnline */,
			);
		};
/* End PBXProject section */

/* Begin PBXResourcesBuildPhase section */
		D0BFBF001F756A92009B1F11 /* Resources */ = {
			isa = PBXResourcesBuildPhase;
			buildActionMask = 2147483647;
			files = (
				D0BFBF101F756A92009B1F11 /* LaunchScreen.storyboard in Resources */,
				D0B187531F79D5D700DC1D5B /* TelaSettingsViewController.xib in Resources */,
				D0BFBF0D1F756A92009B1F11 /* Assets.xcassets in Resources */,
				D0B187501F79C4CA00DC1D5B /* TelaPremio.xib in Resources */,
				D0BFBF0B1F756A92009B1F11 /* Main.storyboard in Resources */,
			);
			runOnlyForDeploymentPostprocessing = 0;
		};
/* End PBXResourcesBuildPhase section */

/* Begin PBXSourcesBuildPhase section */
		D0BFBEFE1F756A92009B1F11 /* Sources */ = {
			isa = PBXSourcesBuildPhase;
			buildActionMask = 2147483647;
			files = (
				D00EC05D1F7BCF9000198884 /* LateralMenuController.swift in Sources */,
				D00983CA1F7B21E2002EF018 /* TelaSettingsViewController.swift in Sources */,
				D0BFBF081F756A92009B1F11 /* ViewController.swift in Sources */,
				D0F88F941F7861F2003424BA /* LateralMenuView.swift in Sources */,
				D0F88F901F784DFD003424BA /* RoundViewsCustom.swift in Sources */,
				D0BFBF061F756A92009B1F11 /* AppDelegate.swift in Sources */,
			);
			runOnlyForDeploymentPostprocessing = 0;
		};
/* End PBXSourcesBuildPhase section */

/* Begin PBXVariantGroup section */
		D0BFBF091F756A92009B1F11 /* Main.storyboard */ = {
			isa = PBXVariantGroup;
			children = (
				D0BFBF0A1F756A92009B1F11 /* Base */,
			);
			name = Main.storyboard;
			sourceTree = "<group>";
		};
		D0BFBF0E1F756A92009B1F11 /* LaunchScreen.storyboard */ = {
			isa = PBXVariantGroup;
			children = (
				D0BFBF0F1F756A92009B1F11 /* Base */,
			);
			name = LaunchScreen.storyboard;
			sourceTree = "<group>";
		};
/* End PBXVariantGroup section */

/* Begin XCBuildConfiguration section */
		D0BFBF121F756A92009B1F11 /* Debug */ = {
			isa = XCBuildConfiguration;
			buildSettings = {
				ALWAYS_SEARCH_USER_PATHS = NO;
				CLANG_ANALYZER_NONNULL = YES;
				CLANG_ANALYZER_NUMBER_OBJECT_CONVERSION = YES_AGGRESSIVE;
				CLANG_CXX_LANGUAGE_STANDARD = "gnu++0x";
				CLANG_CXX_LIBRARY = "libc++";
				CLANG_ENABLE_MODULES = YES;
				CLANG_ENABLE_OBJC_ARC = YES;
				CLANG_WARN_BLOCK_CAPTURE_AUTORELEASING = YES;
				CLANG_WARN_BOOL_CONVERSION = YES;
				CLANG_WARN_COMMA = YES;
				CLANG_WARN_CONSTANT_CONVERSION = YES;
				CLANG_WARN_DIRECT_OBJC_ISA_USAGE = YES_ERROR;
				CLANG_WARN_DOCUMENTATION_COMMENTS = YES;
				CLANG_WARN_EMPTY_BODY = YES;
				CLANG_WARN_ENUM_CONVERSION = YES;
				CLANG_WARN_INFINITE_RECURSION = YES;
				CLANG_WARN_INT_CONVERSION = YES;
				CLANG_WARN_NON_LITERAL_NULL_CONVERSION = YES;
				CLANG_WARN_OBJC_LITERAL_CONVERSION = YES;
				CLANG_WARN_OBJC_ROOT_CLASS = YES_ERROR;
				CLANG_WARN_RANGE_LOOP_ANALYSIS = YES;
				CLANG_WARN_STRICT_PROTOTYPES = YES;
				CLANG_WARN_SUSPICIOUS_MOVE = YES;
				CLANG_WARN_UNREACHABLE_CODE = YES;
				CLANG_WARN__DUPLICATE_METHOD_MATCH = YES;
				"CODE_SIGN_IDENTITY[sdk=iphoneos*]" = "iPhone Developer";
				COPY_PHASE_STRIP = NO;
				DEBUG_INFORMATION_FORMAT = dwarf;
				ENABLE_STRICT_OBJC_MSGSEND = YES;
				ENABLE_TESTABILITY = YES;
				GCC_C_LANGUAGE_STANDARD = gnu99;
				GCC_DYNAMIC_NO_PIC = NO;
				GCC_NO_COMMON_BLOCKS = YES;
				GCC_OPTIMIZATION_LEVEL = 0;
				GCC_PREPROCESSOR_DEFINITIONS = (
					"DEBUG=1",
					"$(inherited)",
				);
				GCC_WARN_64_TO_32_BIT_CONVERSION = YES;
				GCC_WARN_ABOUT_RETURN_TYPE = YES_ERROR;
				GCC_WARN_UNDECLARED_SELECTOR = YES;
				GCC_WARN_UNINITIALIZED_AUTOS = YES_AGGRESSIVE;
				GCC_WARN_UNUSED_FUNCTION = YES;
				GCC_WARN_UNUSED_VARIABLE = YES;
				IPHONEOS_DEPLOYMENT_TARGET = 10.0;
				MTL_ENABLE_DEBUG_INFO = YES;
				ONLY_ACTIVE_ARCH = YES;
				SDKROOT = iphoneos;
				SWIFT_ACTIVE_COMPILATION_CONDITIONS = DEBUG;
				SWIFT_OPTIMIZATION_LEVEL = "-Onone";
				TARGETED_DEVICE_FAMILY = "1,2";
			};
			name = Debug;
		};
		D0BFBF131F756A92009B1F11 /* Release */ = {
			isa = XCBuildConfiguration;
			buildSettings = {
				ALWAYS_SEARCH_USER_PATHS = NO;
				CLANG_ANALYZER_NONNULL = YES;
				CLANG_ANALYZER_NUMBER_OBJECT_CONVERSION = YES_AGGRESSIVE;
				CLANG_CXX_LANGUAGE_STANDARD = "gnu++0x";
				CLANG_CXX_LIBRARY = "libc++";
				CLANG_ENABLE_MODULES = YES;
				CLANG_ENABLE_OBJC_ARC = YES;
				CLANG_WARN_BLOCK_CAPTURE_AUTORELEASING = YES;
				CLANG_WARN_BOOL_CONVERSION = YES;
				CLANG_WARN_COMMA = YES;
				CLANG_WARN_CONSTANT_CONVERSION = YES;
				CLANG_WARN_DIRECT_OBJC_ISA_USAGE = YES_ERROR;
				CLANG_WARN_DOCUMENTATION_COMMENTS = YES;
				CLANG_WARN_EMPTY_BODY = YES;
				CLANG_WARN_ENUM_CONVERSION = YES;
				CLANG_WARN_INFINITE_RECURSION = YES;
				CLANG_WARN_INT_CONVERSION = YES;
				CLANG_WARN_NON_LITERAL_NULL_CONVERSION = YES;
				CLANG_WARN_OBJC_LITERAL_CONVERSION = YES;
				CLANG_WARN_OBJC_ROOT_CLASS = YES_ERROR;
				CLANG_WARN_RANGE_LOOP_ANALYSIS = YES;
				CLANG_WARN_STRICT_PROTOTYPES = YES;
				CLANG_WARN_SUSPICIOUS_MOVE = YES;
				CLANG_WARN_UNREACHABLE_CODE = YES;
				CLANG_WARN__DUPLICATE_METHOD_MATCH = YES;
				"CODE_SIGN_IDENTITY[sdk=iphoneos*]" = "iPhone Developer";
				COPY_PHASE_STRIP = NO;
				DEBUG_INFORMATION_FORMAT = "dwarf-with-dsym";
				ENABLE_NS_ASSERTIONS = NO;
				ENABLE_STRICT_OBJC_MSGSEND = YES;
				GCC_C_LANGUAGE_STANDARD = gnu99;
				GCC_NO_COMMON_BLOCKS = YES;
				GCC_WARN_64_TO_32_BIT_CONVERSION = YES;
				GCC_WARN_ABOUT_RETURN_TYPE = YES_ERROR;
				GCC_WARN_UNDECLARED_SELECTOR = YES;
				GCC_WARN_UNINITIALIZED_AUTOS = YES_AGGRESSIVE;
				GCC_WARN_UNUSED_FUNCTION = YES;
				GCC_WARN_UNUSED_VARIABLE = YES;
				IPHONEOS_DEPLOYMENT_TARGET = 10.0;
				MTL_ENABLE_DEBUG_INFO = NO;
				SDKROOT = iphoneos;
				SWIFT_OPTIMIZATION_LEVEL = "-Owholemodule";
				TARGETED_DEVICE_FAMILY = "1,2";
				VALIDATE_PRODUCT = YES;
			};
			name = Release;
		};
		D0BFBF151F756A92009B1F11 /* Debug */ = {
			isa = XCBuildConfiguration;
			buildSettings = {
				ASSETCATALOG_COMPILER_APPICON_NAME = AppIcon;
				DEVELOPMENT_TEAM = 62SLG68Y9S;
				INFOPLIST_FILE = EdpOnline/Info.plist;
				IPHONEOS_DEPLOYMENT_TARGET = 9.0;
				LD_RUNPATH_SEARCH_PATHS = "$(inherited) @executable_path/Frameworks";
				PRODUCT_BUNDLE_IDENTIFIER = projectEdpTS;
				PRODUCT_NAME = "$(TARGET_NAME)";
				SWIFT_SWIFT3_OBJC_INFERENCE = On;
				SWIFT_VERSION = 4.0;
				TARGETED_DEVICE_FAMILY = 1;
			};
			name = Debug;
		};
		D0BFBF161F756A92009B1F11 /* Release */ = {
			isa = XCBuildConfiguration;
			buildSettings = {
				ASSETCATALOG_COMPILER_APPICON_NAME = AppIcon;
				DEVELOPMENT_TEAM = 62SLG68Y9S;
				INFOPLIST_FILE = EdpOnline/Info.plist;
				IPHONEOS_DEPLOYMENT_TARGET = 9.0;
				LD_RUNPATH_SEARCH_PATHS = "$(inherited) @executable_path/Frameworks";
				PRODUCT_BUNDLE_IDENTIFIER = projectEdpTS;
				PRODUCT_NAME = "$(TARGET_NAME)";
				SWIFT_SWIFT3_OBJC_INFERENCE = On;
				SWIFT_VERSION = 4.0;
				TARGETED_DEVICE_FAMILY = 1;
			};
			name = Release;
		};
/* End XCBuildConfiguration section */

/* Begin XCConfigurationList section */
		D0BFBEFD1F756A92009B1F11 /* Build configuration list for PBXProject "EdpOnline" */ = {
			isa = XCConfigurationList;
			buildConfigurations = (
				D0BFBF121F756A92009B1F11 /* Debug */,
				D0BFBF131F756A92009B1F11 /* Release */,
			);
			defaultConfigurationIsVisible = 0;
			defaultConfigurationName = Release;
		};
		D0BFBF141F756A92009B1F11 /* Build configuration list for PBXNativeTarget "EdpOnline" */ = {
			isa = XCConfigurationList;
			buildConfigurations = (
				D0BFBF151F756A92009B1F11 /* Debug */,
				D0BFBF161F756A92009B1F11 /* Release */,
			);
			defaultConfigurationIsVisible = 0;
			defaultConfigurationName = Release;
		};
/* End XCConfigurationList section */
	};
	rootObject = D0BFBEFA1F756A92009B1F11 /* Project object */;
}
