// !$*UTF8*$!
{
	archiveVersion = 1;
	classes = {
	};
	objectVersion = 46;
	objects = {

/* Begin PBXBuildFile section */
		43BBFE121F7FE1EA00005AD8 /* AppDelegate.swift in Sources */ = {isa = PBXBuildFile; fileRef = 43BBFE111F7FE1EA00005AD8 /* AppDelegate.swift */; };
		43BBFE171F7FE1EA00005AD8 /* Main.storyboard in Resources */ = {isa = PBXBuildFile; fileRef = 43BBFE151F7FE1EA00005AD8 /* Main.storyboard */; };
		43BBFE191F7FE1EA00005AD8 /* Assets.xcassets in Resources */ = {isa = PBXBuildFile; fileRef = 43BBFE181F7FE1EA00005AD8 /* Assets.xcassets */; };
		43BBFE1C1F7FE1EA00005AD8 /* LaunchScreen.storyboard in Resources */ = {isa = PBXBuildFile; fileRef = 43BBFE1A1F7FE1EA00005AD8 /* LaunchScreen.storyboard */; };
		43BBFE291F7FE29700005AD8 /* Arredondador.swift in Sources */ = {isa = PBXBuildFile; fileRef = 43BBFE271F7FE29700005AD8 /* Arredondador.swift */; };
		43BBFE2C1F7FFC3B00005AD8 /* TempoViewController.swift in Sources */ = {isa = PBXBuildFile; fileRef = 43BBFE2B1F7FFC3B00005AD8 /* TempoViewController.swift */; };
		43BBFE301F80145300005AD8 /* App.swift in Sources */ = {isa = PBXBuildFile; fileRef = 43BBFE2F1F80145300005AD8 /* App.swift */; };
		D01FBF961F81C4E800908931 /* QuaddroForecaster.swift in Sources */ = {isa = PBXBuildFile; fileRef = D01FBF951F81C4E800908931 /* QuaddroForecaster.swift */; };
		D02DB6B51F805AE400F815E0 /* AjustesViewController.swift in Sources */ = {isa = PBXBuildFile; fileRef = D02DB6B41F805AE400F815E0 /* AjustesViewController.swift */; };
/* End PBXBuildFile section */

/* Begin PBXFileReference section */
		43BBFE0E1F7FE1EA00005AD8 /* swift200_Day8_TableView_StackView.app */ = {isa = PBXFileReference; explicitFileType = wrapper.application; includeInIndex = 0; path = swift200_Day8_TableView_StackView.app; sourceTree = BUILT_PRODUCTS_DIR; };
		43BBFE111F7FE1EA00005AD8 /* AppDelegate.swift */ = {isa = PBXFileReference; lastKnownFileType = sourcecode.swift; path = AppDelegate.swift; sourceTree = "<group>"; };
		43BBFE161F7FE1EA00005AD8 /* Base */ = {isa = PBXFileReference; lastKnownFileType = file.storyboard; name = Base; path = Base.lproj/Main.storyboard; sourceTree = "<group>"; };
		43BBFE181F7FE1EA00005AD8 /* Assets.xcassets */ = {isa = PBXFileReference; lastKnownFileType = folder.assetcatalog; path = Assets.xcassets; sourceTree = "<group>"; };
		43BBFE1B1F7FE1EA00005AD8 /* Base */ = {isa = PBXFileReference; lastKnownFileType = file.storyboard; name = Base; path = Base.lproj/LaunchScreen.storyboard; sourceTree = "<group>"; };
		43BBFE1D1F7FE1EA00005AD8 /* Info.plist */ = {isa = PBXFileReference; lastKnownFileType = text.plist.xml; path = Info.plist; sourceTree = "<group>"; };
		43BBFE271F7FE29700005AD8 /* Arredondador.swift */ = {isa = PBXFileReference; fileEncoding = 4; lastKnownFileType = sourcecode.swift; path = Arredondador.swift; sourceTree = "<group>"; };
		43BBFE2B1F7FFC3B00005AD8 /* TempoViewController.swift */ = {isa = PBXFileReference; fileEncoding = 4; lastKnownFileType = sourcecode.swift; path = TempoViewController.swift; sourceTree = "<group>"; };
		43BBFE2F1F80145300005AD8 /* App.swift */ = {isa = PBXFileReference; fileEncoding = 4; lastKnownFileType = sourcecode.swift; path = App.swift; sourceTree = "<group>"; };
		D01FBF951F81C4E800908931 /* QuaddroForecaster.swift */ = {isa = PBXFileReference; lastKnownFileType = sourcecode.swift; path = QuaddroForecaster.swift; sourceTree = "<group>"; };
		D02DB6B41F805AE400F815E0 /* AjustesViewController.swift */ = {isa = PBXFileReference; lastKnownFileType = sourcecode.swift; path = AjustesViewController.swift; sourceTree = "<group>"; };
/* End PBXFileReference section */

/* Begin PBXFrameworksBuildPhase section */
		43BBFE0B1F7FE1EA00005AD8 /* Frameworks */ = {
			isa = PBXFrameworksBuildPhase;
			buildActionMask = 2147483647;
			files = (
			);
			runOnlyForDeploymentPostprocessing = 0;
		};
/* End PBXFrameworksBuildPhase section */

/* Begin PBXGroup section */
		43BBFE051F7FE1EA00005AD8 = {
			isa = PBXGroup;
			children = (
				43BBFE101F7FE1EA00005AD8 /* swift200_Day8_TableView_StackView */,
			);
			sourceTree = "<group>";
		};
		43BBFE0F1F7FE1EA00005AD8 /* Products */ = {
			isa = PBXGroup;
			children = (
				43BBFE0E1F7FE1EA00005AD8 /* swift200_Day8_TableView_StackView.app */,
			);
			name = Products;
			path = ..;
			sourceTree = "<group>";
		};
		43BBFE101F7FE1EA00005AD8 /* swift200_Day8_TableView_StackView */ = {
			isa = PBXGroup;
			children = (
				43BBFE261F7FE21600005AD8 /* Suporte */,
				43BBFE251F7FE20A00005AD8 /* Controller */,
				43BBFE231F7FE1F500005AD8 /* Layout */,
				43BBFE241F7FE1FB00005AD8 /* Imagem */,
				43BBFE2F1F80145300005AD8 /* App.swift */,
			);
			path = swift200_Day8_TableView_StackView;
			sourceTree = "<group>";
		};
		43BBFE231F7FE1F500005AD8 /* Layout */ = {
			isa = PBXGroup;
			children = (
				43BBFE151F7FE1EA00005AD8 /* Main.storyboard */,
				43BBFE1A1F7FE1EA00005AD8 /* LaunchScreen.storyboard */,
			);
			name = Layout;
			sourceTree = "<group>";
		};
		43BBFE241F7FE1FB00005AD8 /* Imagem */ = {
			isa = PBXGroup;
			children = (
				43BBFE181F7FE1EA00005AD8 /* Assets.xcassets */,
			);
			name = Imagem;
			sourceTree = "<group>";
		};
		43BBFE251F7FE20A00005AD8 /* Controller */ = {
			isa = PBXGroup;
			children = (
				43BBFE2B1F7FFC3B00005AD8 /* TempoViewController.swift */,
				43BBFE111F7FE1EA00005AD8 /* AppDelegate.swift */,
				D02DB6B41F805AE400F815E0 /* AjustesViewController.swift */,
			);
			name = Controller;
			sourceTree = "<group>";
		};
		43BBFE261F7FE21600005AD8 /* Suporte */ = {
			isa = PBXGroup;
			children = (
				43BBFE0F1F7FE1EA00005AD8 /* Products */,
				D01FBF951F81C4E800908931 /* QuaddroForecaster.swift */,
				43BBFE271F7FE29700005AD8 /* Arredondador.swift */,
				43BBFE1D1F7FE1EA00005AD8 /* Info.plist */,
			);
			name = Suporte;
			sourceTree = "<group>";
		};
/* End PBXGroup section */

/* Begin PBXNativeTarget section */
		43BBFE0D1F7FE1EA00005AD8 /* swift200_Day8_TableView_StackView */ = {
			isa = PBXNativeTarget;
			buildConfigurationList = 43BBFE201F7FE1EA00005AD8 /* Build configuration list for PBXNativeTarget "swift200_Day8_TableView_StackView" */;
			buildPhases = (
				43BBFE0A1F7FE1EA00005AD8 /* Sources */,
				43BBFE0B1F7FE1EA00005AD8 /* Frameworks */,
				43BBFE0C1F7FE1EA00005AD8 /* Resources */,
			);
			buildRules = (
			);
			dependencies = (
			);
			name = swift200_Day8_TableView_StackView;
			productName = swift200_Day8_TableView_StackView;
			productReference = 43BBFE0E1F7FE1EA00005AD8 /* swift200_Day8_TableView_StackView.app */;
			productType = "com.apple.product-type.application";
		};
/* End PBXNativeTarget section */

/* Begin PBXProject section */
		43BBFE061F7FE1EA00005AD8 /* Project object */ = {
			isa = PBXProject;
			attributes = {
				LastSwiftUpdateCheck = 0830;
				LastUpgradeCheck = 0900;
				ORGANIZATIONNAME = Swift;
				TargetAttributes = {
					43BBFE0D1F7FE1EA00005AD8 = {
						CreatedOnToolsVersion = 8.3;
						DevelopmentTeam = 62SLG68Y9S;
						LastSwiftMigration = 0900;
						ProvisioningStyle = Automatic;
					};
				};
			};
			buildConfigurationList = 43BBFE091F7FE1EA00005AD8 /* Build configuration list for PBXProject "swift200_Day8_TableView_StackView" */;
			compatibilityVersion = "Xcode 3.2";
			developmentRegion = English;
			hasScannedForEncodings = 0;
			knownRegions = (
				en,
				Base,
			);
			mainGroup = 43BBFE051F7FE1EA00005AD8;
			productRefGroup = 43BBFE0F1F7FE1EA00005AD8 /* Products */;
			projectDirPath = "";
			projectRoot = "";
			targets = (
				43BBFE0D1F7FE1EA00005AD8 /* swift200_Day8_TableView_StackView */,
			);
		};
/* End PBXProject section */

/* Begin PBXResourcesBuildPhase section */
		43BBFE0C1F7FE1EA00005AD8 /* Resources */ = {
			isa = PBXResourcesBuildPhase;
			buildActionMask = 2147483647;
			files = (
				43BBFE1C1F7FE1EA00005AD8 /* LaunchScreen.storyboard in Resources */,
				43BBFE191F7FE1EA00005AD8 /* Assets.xcassets in Resources */,
				43BBFE171F7FE1EA00005AD8 /* Main.storyboard in Resources */,
			);
			runOnlyForDeploymentPostprocessing = 0;
		};
/* End PBXResourcesBuildPhase section */

/* Begin PBXSourcesBuildPhase section */
		43BBFE0A1F7FE1EA00005AD8 /* Sources */ = {
			isa = PBXSourcesBuildPhase;
			buildActionMask = 2147483647;
			files = (
				43BBFE2C1F7FFC3B00005AD8 /* TempoViewController.swift in Sources */,
				43BBFE301F80145300005AD8 /* App.swift in Sources */,
				43BBFE291F7FE29700005AD8 /* Arredondador.swift in Sources */,
				D02DB6B51F805AE400F815E0 /* AjustesViewController.swift in Sources */,
				43BBFE121F7FE1EA00005AD8 /* AppDelegate.swift in Sources */,
				D01FBF961F81C4E800908931 /* QuaddroForecaster.swift in Sources */,
			);
			runOnlyForDeploymentPostprocessing = 0;
		};
/* End PBXSourcesBuildPhase section */

/* Begin PBXVariantGroup section */
		43BBFE151F7FE1EA00005AD8 /* Main.storyboard */ = {
			isa = PBXVariantGroup;
			children = (
				43BBFE161F7FE1EA00005AD8 /* Base */,
			);
			name = Main.storyboard;
			sourceTree = "<group>";
		};
		43BBFE1A1F7FE1EA00005AD8 /* LaunchScreen.storyboard */ = {
			isa = PBXVariantGroup;
			children = (
				43BBFE1B1F7FE1EA00005AD8 /* Base */,
			);
			name = LaunchScreen.storyboard;
			sourceTree = "<group>";
		};
/* End PBXVariantGroup section */

/* Begin XCBuildConfiguration section */
		43BBFE1E1F7FE1EA00005AD8 /* Debug */ = {
			isa = XCBuildConfiguration;
			buildSettings = {
				ALWAYS_SEARCH_USER_PATHS = NO;
				CLANG_ANALYZER_NONNULL = YES;
				CLANG_ANALYZER_NUMBER_OBJECT_CONVERSION = YES_AGGRESSIVE;
				CLANG_CXX_LANGUAGE_STANDARD = "gnu++0x";
				CLANG_CXX_LIBRARY = "libc++";
				CLANG_ENABLE_MODULES = YES;
				CLANG_ENABLE_OBJC_ARC = YES;
				CLANG_WARN_BLOCK_CAPTURE_AUTORELEASING = YES;
				CLANG_WARN_BOOL_CONVERSION = YES;
				CLANG_WARN_COMMA = YES;
				CLANG_WARN_CONSTANT_CONVERSION = YES;
				CLANG_WARN_DIRECT_OBJC_ISA_USAGE = YES_ERROR;
				CLANG_WARN_DOCUMENTATION_COMMENTS = YES;
				CLANG_WARN_EMPTY_BODY = YES;
				CLANG_WARN_ENUM_CONVERSION = YES;
				CLANG_WARN_INFINITE_RECURSION = YES;
				CLANG_WARN_INT_CONVERSION = YES;
				CLANG_WARN_NON_LITERAL_NULL_CONVERSION = YES;
				CLANG_WARN_OBJC_LITERAL_CONVERSION = YES;
				CLANG_WARN_OBJC_ROOT_CLASS = YES_ERROR;
				CLANG_WARN_RANGE_LOOP_ANALYSIS = YES;
				CLANG_WARN_STRICT_PROTOTYPES = YES;
				CLANG_WARN_SUSPICIOUS_MOVE = YES;
				CLANG_WARN_UNREACHABLE_CODE = YES;
				CLANG_WARN__DUPLICATE_METHOD_MATCH = YES;
				"CODE_SIGN_IDENTITY[sdk=iphoneos*]" = "iPhone Developer";
				COPY_PHASE_STRIP = NO;
				DEBUG_INFORMATION_FORMAT = dwarf;
				ENABLE_STRICT_OBJC_MSGSEND = YES;
				ENABLE_TESTABILITY = YES;
				GCC_C_LANGUAGE_STANDARD = gnu99;
				GCC_DYNAMIC_NO_PIC = NO;
				GCC_NO_COMMON_BLOCKS = YES;
				GCC_OPTIMIZATION_LEVEL = 0;
				GCC_PREPROCESSOR_DEFINITIONS = (
					"DEBUG=1",
					"$(inherited)",
				);
				GCC_WARN_64_TO_32_BIT_CONVERSION = YES;
				GCC_WARN_ABOUT_RETURN_TYPE = YES_ERROR;
				GCC_WARN_UNDECLARED_SELECTOR = YES;
				GCC_WARN_UNINITIALIZED_AUTOS = YES_AGGRESSIVE;
				GCC_WARN_UNUSED_FUNCTION = YES;
				GCC_WARN_UNUSED_VARIABLE = YES;
				IPHONEOS_DEPLOYMENT_TARGET = 10.0;
				MTL_ENABLE_DEBUG_INFO = YES;
				ONLY_ACTIVE_ARCH = YES;
				SDKROOT = iphoneos;
				SWIFT_ACTIVE_COMPILATION_CONDITIONS = DEBUG;
				SWIFT_OPTIMIZATION_LEVEL = "-Onone";
				TARGETED_DEVICE_FAMILY = "1,2";
			};
			name = Debug;
		};
		43BBFE1F1F7FE1EA00005AD8 /* Release */ = {
			isa = XCBuildConfiguration;
			buildSettings = {
				ALWAYS_SEARCH_USER_PATHS = NO;
				CLANG_ANALYZER_NONNULL = YES;
				CLANG_ANALYZER_NUMBER_OBJECT_CONVERSION = YES_AGGRESSIVE;
				CLANG_CXX_LANGUAGE_STANDARD = "gnu++0x";
				CLANG_CXX_LIBRARY = "libc++";
				CLANG_ENABLE_MODULES = YES;
				CLANG_ENABLE_OBJC_ARC = YES;
				CLANG_WARN_BLOCK_CAPTURE_AUTORELEASING = YES;
				CLANG_WARN_BOOL_CONVERSION = YES;
				CLANG_WARN_COMMA = YES;
				CLANG_WARN_CONSTANT_CONVERSION = YES;
				CLANG_WARN_DIRECT_OBJC_ISA_USAGE = YES_ERROR;
				CLANG_WARN_DOCUMENTATION_COMMENTS = YES;
				CLANG_WARN_EMPTY_BODY = YES;
				CLANG_WARN_ENUM_CONVERSION = YES;
				CLANG_WARN_INFINITE_RECURSION = YES;
				CLANG_WARN_INT_CONVERSION = YES;
				CLANG_WARN_NON_LITERAL_NULL_CONVERSION = YES;
				CLANG_WARN_OBJC_LITERAL_CONVERSION = YES;
				CLANG_WARN_OBJC_ROOT_CLASS = YES_ERROR;
				CLANG_WARN_RANGE_LOOP_ANALYSIS = YES;
				CLANG_WARN_STRICT_PROTOTYPES = YES;
				CLANG_WARN_SUSPICIOUS_MOVE = YES;
				CLANG_WARN_UNREACHABLE_CODE = YES;
				CLANG_WARN__DUPLICATE_METHOD_MATCH = YES;
				"CODE_SIGN_IDENTITY[sdk=iphoneos*]" = "iPhone Developer";
				COPY_PHASE_STRIP = NO;
				DEBUG_INFORMATION_FORMAT = "dwarf-with-dsym";
				ENABLE_NS_ASSERTIONS = NO;
				ENABLE_STRICT_OBJC_MSGSEND = YES;
				GCC_C_LANGUAGE_STANDARD = gnu99;
				GCC_NO_COMMON_BLOCKS = YES;
				GCC_WARN_64_TO_32_BIT_CONVERSION = YES;
				GCC_WARN_ABOUT_RETURN_TYPE = YES_ERROR;
				GCC_WARN_UNDECLARED_SELECTOR = YES;
				GCC_WARN_UNINITIALIZED_AUTOS = YES_AGGRESSIVE;
				GCC_WARN_UNUSED_FUNCTION = YES;
				GCC_WARN_UNUSED_VARIABLE = YES;
				IPHONEOS_DEPLOYMENT_TARGET = 10.0;
				MTL_ENABLE_DEBUG_INFO = NO;
				SDKROOT = iphoneos;
				SWIFT_OPTIMIZATION_LEVEL = "-Owholemodule";
				TARGETED_DEVICE_FAMILY = "1,2";
				VALIDATE_PRODUCT = YES;
			};
			name = Release;
		};
		43BBFE211F7FE1EA00005AD8 /* Debug */ = {
			isa = XCBuildConfiguration;
			buildSettings = {
				ASSETCATALOG_COMPILER_APPICON_NAME = AppIcon;
				DEVELOPMENT_TEAM = 62SLG68Y9S;
				INFOPLIST_FILE = swift200_Day8_TableView_StackView/Info.plist;
				IPHONEOS_DEPLOYMENT_TARGET = 9.3;
				LD_RUNPATH_SEARCH_PATHS = "$(inherited) @executable_path/Frameworks";
				PRODUCT_BUNDLE_IDENTIFIER = "br.com.swift.swift200-Day8-TableView-StackView";
				PRODUCT_NAME = "$(TARGET_NAME)";
				SWIFT_SWIFT3_OBJC_INFERENCE = On;
				SWIFT_VERSION = 4.0;
				TARGETED_DEVICE_FAMILY = "1,2";
			};
			name = Debug;
		};
		43BBFE221F7FE1EA00005AD8 /* Release */ = {
			isa = XCBuildConfiguration;
			buildSettings = {
				ASSETCATALOG_COMPILER_APPICON_NAME = AppIcon;
				DEVELOPMENT_TEAM = 62SLG68Y9S;
				INFOPLIST_FILE = swift200_Day8_TableView_StackView/Info.plist;
				IPHONEOS_DEPLOYMENT_TARGET = 9.3;
				LD_RUNPATH_SEARCH_PATHS = "$(inherited) @executable_path/Frameworks";
				PRODUCT_BUNDLE_IDENTIFIER = "br.com.swift.swift200-Day8-TableView-StackView";
				PRODUCT_NAME = "$(TARGET_NAME)";
				SWIFT_SWIFT3_OBJC_INFERENCE = On;
				SWIFT_VERSION = 4.0;
				TARGETED_DEVICE_FAMILY = "1,2";
			};
			name = Release;
		};
/* End XCBuildConfiguration section */

/* Begin XCConfigurationList section */
		43BBFE091F7FE1EA00005AD8 /* Build configuration list for PBXProject "swift200_Day8_TableView_StackView" */ = {
			isa = XCConfigurationList;
			buildConfigurations = (
				43BBFE1E1F7FE1EA00005AD8 /* Debug */,
				43BBFE1F1F7FE1EA00005AD8 /* Release */,
			);
			defaultConfigurationIsVisible = 0;
			defaultConfigurationName = Release;
		};
		43BBFE201F7FE1EA00005AD8 /* Build configuration list for PBXNativeTarget "swift200_Day8_TableView_StackView" */ = {
			isa = XCConfigurationList;
			buildConfigurations = (
				43BBFE211F7FE1EA00005AD8 /* Debug */,
				43BBFE221F7FE1EA00005AD8 /* Release */,
			);
			defaultConfigurationIsVisible = 0;
			defaultConfigurationName = Release;
		};
/* End XCConfigurationList section */
	};
	rootObject = 43BBFE061F7FE1EA00005AD8 /* Project object */;
}
