// !$*UTF8*$!
{
	archiveVersion = 1;
	classes = {
	};
	objectVersion = 46;
	objects = {

/* Begin PBXBuildFile section */
		4304445B1F36642800AAD529 /* AppDelegate.swift in Sources */ = {isa = PBXBuildFile; fileRef = 4304445A1F36642800AAD529 /* AppDelegate.swift */; };
		4304445D1F36642800AAD529 /* ViewController.swift in Sources */ = {isa = PBXBuildFile; fileRef = 4304445C1F36642800AAD529 /* ViewController.swift */; };
		430444601F36642800AAD529 /* Main.storyboard in Resources */ = {isa = PBXBuildFile; fileRef = 4304445E1F36642800AAD529 /* Main.storyboard */; };
		430444621F36642800AAD529 /* Assets.xcassets in Resources */ = {isa = PBXBuildFile; fileRef = 430444611F36642800AAD529 /* Assets.xcassets */; };
		430444651F36642800AAD529 /* LaunchScreen.storyboard in Resources */ = {isa = PBXBuildFile; fileRef = 430444631F36642800AAD529 /* LaunchScreen.storyboard */; };
		D04F18981F393D7C00422675 /* ViewControllerSucess.swift in Sources */ = {isa = PBXBuildFile; fileRef = D04F18971F393D7C00422675 /* ViewControllerSucess.swift */; };
/* End PBXBuildFile section */

/* Begin PBXFileReference section */
		430444571F36642800AAD529 /* ColorPassword.app */ = {isa = PBXFileReference; explicitFileType = wrapper.application; includeInIndex = 0; path = ColorPassword.app; sourceTree = BUILT_PRODUCTS_DIR; };
		4304445A1F36642800AAD529 /* AppDelegate.swift */ = {isa = PBXFileReference; lastKnownFileType = sourcecode.swift; path = AppDelegate.swift; sourceTree = "<group>"; };
		4304445C1F36642800AAD529 /* ViewController.swift */ = {isa = PBXFileReference; lastKnownFileType = sourcecode.swift; path = ViewController.swift; sourceTree = "<group>"; };
		4304445F1F36642800AAD529 /* Base */ = {isa = PBXFileReference; lastKnownFileType = file.storyboard; name = Base; path = Base.lproj/Main.storyboard; sourceTree = "<group>"; };
		430444611F36642800AAD529 /* Assets.xcassets */ = {isa = PBXFileReference; lastKnownFileType = folder.assetcatalog; path = Assets.xcassets; sourceTree = "<group>"; };
		430444641F36642800AAD529 /* Base */ = {isa = PBXFileReference; lastKnownFileType = file.storyboard; name = Base; path = Base.lproj/LaunchScreen.storyboard; sourceTree = "<group>"; };
		430444661F36642800AAD529 /* Info.plist */ = {isa = PBXFileReference; lastKnownFileType = text.plist.xml; path = Info.plist; sourceTree = "<group>"; };
		D04F18971F393D7C00422675 /* ViewControllerSucess.swift */ = {isa = PBXFileReference; fileEncoding = 4; lastKnownFileType = sourcecode.swift; path = ViewControllerSucess.swift; sourceTree = "<group>"; };
/* End PBXFileReference section */

/* Begin PBXFrameworksBuildPhase section */
		430444541F36642800AAD529 /* Frameworks */ = {
			isa = PBXFrameworksBuildPhase;
			buildActionMask = 2147483647;
			files = (
			);
			runOnlyForDeploymentPostprocessing = 0;
		};
/* End PBXFrameworksBuildPhase section */

/* Begin PBXGroup section */
		4304444E1F36642800AAD529 = {
			isa = PBXGroup;
			children = (
				430444591F36642800AAD529 /* ColorPassword */,
				430444581F36642800AAD529 /* Products */,
			);
			sourceTree = "<group>";
		};
		430444581F36642800AAD529 /* Products */ = {
			isa = PBXGroup;
			children = (
				430444571F36642800AAD529 /* ColorPassword.app */,
			);
			name = Products;
			sourceTree = "<group>";
		};
		430444591F36642800AAD529 /* ColorPassword */ = {
			isa = PBXGroup;
			children = (
				4304445A1F36642800AAD529 /* AppDelegate.swift */,
				4304445C1F36642800AAD529 /* ViewController.swift */,
				D04F18971F393D7C00422675 /* ViewControllerSucess.swift */,
				4304445E1F36642800AAD529 /* Main.storyboard */,
				430444611F36642800AAD529 /* Assets.xcassets */,
				430444631F36642800AAD529 /* LaunchScreen.storyboard */,
				430444661F36642800AAD529 /* Info.plist */,
			);
			path = ColorPassword;
			sourceTree = "<group>";
		};
/* End PBXGroup section */

/* Begin PBXNativeTarget section */
		430444561F36642800AAD529 /* ColorPassword */ = {
			isa = PBXNativeTarget;
			buildConfigurationList = 430444691F36642800AAD529 /* Build configuration list for PBXNativeTarget "ColorPassword" */;
			buildPhases = (
				430444531F36642800AAD529 /* Sources */,
				430444541F36642800AAD529 /* Frameworks */,
				430444551F36642800AAD529 /* Resources */,
			);
			buildRules = (
			);
			dependencies = (
			);
			name = ColorPassword;
			productName = ColorPassword;
			productReference = 430444571F36642800AAD529 /* ColorPassword.app */;
			productType = "com.apple.product-type.application";
		};
/* End PBXNativeTarget section */

/* Begin PBXProject section */
		4304444F1F36642800AAD529 /* Project object */ = {
			isa = PBXProject;
			attributes = {
				LastSwiftUpdateCheck = 0830;
				LastUpgradeCheck = 0830;
				ORGANIZATIONNAME = Swift;
				TargetAttributes = {
					430444561F36642800AAD529 = {
						CreatedOnToolsVersion = 8.3;
						ProvisioningStyle = Automatic;
					};
				};
			};
			buildConfigurationList = 430444521F36642800AAD529 /* Build configuration list for PBXProject "ColorPassword" */;
			compatibilityVersion = "Xcode 3.2";
			developmentRegion = English;
			hasScannedForEncodings = 0;
			knownRegions = (
				en,
				Base,
			);
			mainGroup = 4304444E1F36642800AAD529;
			productRefGroup = 430444581F36642800AAD529 /* Products */;
			projectDirPath = "";
			projectRoot = "";
			targets = (
				430444561F36642800AAD529 /* ColorPassword */,
			);
		};
/* End PBXProject section */

/* Begin PBXResourcesBuildPhase section */
		430444551F36642800AAD529 /* Resources */ = {
			isa = PBXResourcesBuildPhase;
			buildActionMask = 2147483647;
			files = (
				430444651F36642800AAD529 /* LaunchScreen.storyboard in Resources */,
				430444621F36642800AAD529 /* Assets.xcassets in Resources */,
				430444601F36642800AAD529 /* Main.storyboard in Resources */,
			);
			runOnlyForDeploymentPostprocessing = 0;
		};
/* End PBXResourcesBuildPhase section */

/* Begin PBXSourcesBuildPhase section */
		430444531F36642800AAD529 /* Sources */ = {
			isa = PBXSourcesBuildPhase;
			buildActionMask = 2147483647;
			files = (
				D04F18981F393D7C00422675 /* ViewControllerSucess.swift in Sources */,
				4304445D1F36642800AAD529 /* ViewController.swift in Sources */,
				4304445B1F36642800AAD529 /* AppDelegate.swift in Sources */,
			);
			runOnlyForDeploymentPostprocessing = 0;
		};
/* End PBXSourcesBuildPhase section */

/* Begin PBXVariantGroup section */
		4304445E1F36642800AAD529 /* Main.storyboard */ = {
			isa = PBXVariantGroup;
			children = (
				4304445F1F36642800AAD529 /* Base */,
			);
			name = Main.storyboard;
			sourceTree = "<group>";
		};
		430444631F36642800AAD529 /* LaunchScreen.storyboard */ = {
			isa = PBXVariantGroup;
			children = (
				430444641F36642800AAD529 /* Base */,
			);
			name = LaunchScreen.storyboard;
			sourceTree = "<group>";
		};
/* End PBXVariantGroup section */

/* Begin XCBuildConfiguration section */
		430444671F36642800AAD529 /* Debug */ = {
			isa = XCBuildConfiguration;
			buildSettings = {
				ALWAYS_SEARCH_USER_PATHS = NO;
				CLANG_ANALYZER_NONNULL = YES;
				CLANG_ANALYZER_NUMBER_OBJECT_CONVERSION = YES_AGGRESSIVE;
				CLANG_CXX_LANGUAGE_STANDARD = "gnu++0x";
				CLANG_CXX_LIBRARY = "libc++";
				CLANG_ENABLE_MODULES = YES;
				CLANG_ENABLE_OBJC_ARC = YES;
				CLANG_WARN_BOOL_CONVERSION = YES;
				CLANG_WARN_CONSTANT_CONVERSION = YES;
				CLANG_WARN_DIRECT_OBJC_ISA_USAGE = YES_ERROR;
				CLANG_WARN_DOCUMENTATION_COMMENTS = YES;
				CLANG_WARN_EMPTY_BODY = YES;
				CLANG_WARN_ENUM_CONVERSION = YES;
				CLANG_WARN_INFINITE_RECURSION = YES;
				CLANG_WARN_INT_CONVERSION = YES;
				CLANG_WARN_OBJC_ROOT_CLASS = YES_ERROR;
				CLANG_WARN_SUSPICIOUS_MOVE = YES;
				CLANG_WARN_UNREACHABLE_CODE = YES;
				CLANG_WARN__DUPLICATE_METHOD_MATCH = YES;
				"CODE_SIGN_IDENTITY[sdk=iphoneos*]" = "iPhone Developer";
				COPY_PHASE_STRIP = NO;
				DEBUG_INFORMATION_FORMAT = dwarf;
				ENABLE_STRICT_OBJC_MSGSEND = YES;
				ENABLE_TESTABILITY = YES;
				GCC_C_LANGUAGE_STANDARD = gnu99;
				GCC_DYNAMIC_NO_PIC = NO;
				GCC_NO_COMMON_BLOCKS = YES;
				GCC_OPTIMIZATION_LEVEL = 0;
				GCC_PREPROCESSOR_DEFINITIONS = (
					"DEBUG=1",
					"$(inherited)",
				);
				GCC_WARN_64_TO_32_BIT_CONVERSION = YES;
				GCC_WARN_ABOUT_RETURN_TYPE = YES_ERROR;
				GCC_WARN_UNDECLARED_SELECTOR = YES;
				GCC_WARN_UNINITIALIZED_AUTOS = YES_AGGRESSIVE;
				GCC_WARN_UNUSED_FUNCTION = YES;
				GCC_WARN_UNUSED_VARIABLE = YES;
				IPHONEOS_DEPLOYMENT_TARGET = 10.3;
				MTL_ENABLE_DEBUG_INFO = YES;
				ONLY_ACTIVE_ARCH = YES;
				SDKROOT = iphoneos;
				SWIFT_ACTIVE_COMPILATION_CONDITIONS = DEBUG;
				SWIFT_OPTIMIZATION_LEVEL = "-Onone";
			};
			name = Debug;
		};
		430444681F36642800AAD529 /* Release */ = {
			isa = XCBuildConfiguration;
			buildSettings = {
				ALWAYS_SEARCH_USER_PATHS = NO;
				CLANG_ANALYZER_NONNULL = YES;
				CLANG_ANALYZER_NUMBER_OBJECT_CONVERSION = YES_AGGRESSIVE;
				CLANG_CXX_LANGUAGE_STANDARD = "gnu++0x";
				CLANG_CXX_LIBRARY = "libc++";
				CLANG_ENABLE_MODULES = YES;
				CLANG_ENABLE_OBJC_ARC = YES;
				CLANG_WARN_BOOL_CONVERSION = YES;
				CLANG_WARN_CONSTANT_CONVERSION = YES;
				CLANG_WARN_DIRECT_OBJC_ISA_USAGE = YES_ERROR;
				CLANG_WARN_DOCUMENTATION_COMMENTS = YES;
				CLANG_WARN_EMPTY_BODY = YES;
				CLANG_WARN_ENUM_CONVERSION = YES;
				CLANG_WARN_INFINITE_RECURSION = YES;
				CLANG_WARN_INT_CONVERSION = YES;
				CLANG_WARN_OBJC_ROOT_CLASS = YES_ERROR;
				CLANG_WARN_SUSPICIOUS_MOVE = YES;
				CLANG_WARN_UNREACHABLE_CODE = YES;
				CLANG_WARN__DUPLICATE_METHOD_MATCH = YES;
				"CODE_SIGN_IDENTITY[sdk=iphoneos*]" = "iPhone Developer";
				COPY_PHASE_STRIP = NO;
				DEBUG_INFORMATION_FORMAT = "dwarf-with-dsym";
				ENABLE_NS_ASSERTIONS = NO;
				ENABLE_STRICT_OBJC_MSGSEND = YES;
				GCC_C_LANGUAGE_STANDARD = gnu99;
				GCC_NO_COMMON_BLOCKS = YES;
				GCC_WARN_64_TO_32_BIT_CONVERSION = YES;
				GCC_WARN_ABOUT_RETURN_TYPE = YES_ERROR;
				GCC_WARN_UNDECLARED_SELECTOR = YES;
				GCC_WARN_UNINITIALIZED_AUTOS = YES_AGGRESSIVE;
				GCC_WARN_UNUSED_FUNCTION = YES;
				GCC_WARN_UNUSED_VARIABLE = YES;
				IPHONEOS_DEPLOYMENT_TARGET = 10.3;
				MTL_ENABLE_DEBUG_INFO = NO;
				SDKROOT = iphoneos;
				SWIFT_OPTIMIZATION_LEVEL = "-Owholemodule";
				VALIDATE_PRODUCT = YES;
			};
			name = Release;
		};
		4304446A1F36642800AAD529 /* Debug */ = {
			isa = XCBuildConfiguration;
			buildSettings = {
				ASSETCATALOG_COMPILER_APPICON_NAME = AppIcon;
				INFOPLIST_FILE = ColorPassword/Info.plist;
				LD_RUNPATH_SEARCH_PATHS = "$(inherited) @executable_path/Frameworks";
				PRODUCT_BUNDLE_IDENTIFIER = br.com.swift.ColorPassword;
				PRODUCT_NAME = "$(TARGET_NAME)";
				SWIFT_VERSION = 3.0;
			};
			name = Debug;
		};
		4304446B1F36642800AAD529 /* Release */ = {
			isa = XCBuildConfiguration;
			buildSettings = {
				ASSETCATALOG_COMPILER_APPICON_NAME = AppIcon;
				INFOPLIST_FILE = ColorPassword/Info.plist;
				LD_RUNPATH_SEARCH_PATHS = "$(inherited) @executable_path/Frameworks";
				PRODUCT_BUNDLE_IDENTIFIER = br.com.swift.ColorPassword;
				PRODUCT_NAME = "$(TARGET_NAME)";
				SWIFT_VERSION = 3.0;
			};
			name = Release;
		};
/* End XCBuildConfiguration section */

/* Begin XCConfigurationList section */
		430444521F36642800AAD529 /* Build configuration list for PBXProject "ColorPassword" */ = {
			isa = XCConfigurationList;
			buildConfigurations = (
				430444671F36642800AAD529 /* Debug */,
				430444681F36642800AAD529 /* Release */,
			);
			defaultConfigurationIsVisible = 0;
			defaultConfigurationName = Release;
		};
		430444691F36642800AAD529 /* Build configuration list for PBXNativeTarget "ColorPassword" */ = {
			isa = XCConfigurationList;
			buildConfigurations = (
				4304446A1F36642800AAD529 /* Debug */,
				4304446B1F36642800AAD529 /* Release */,
			);
			defaultConfigurationIsVisible = 0;
			defaultConfigurationName = Release;
		};
/* End XCConfigurationList section */
	};
	rootObject = 4304444F1F36642800AAD529 /* Project object */;
}
