// !$*UTF8*$!
{
	archiveVersion = 1;
	classes = {
	};
	objectVersion = 46;
	objects = {

/* Begin PBXBuildFile section */
		430444301F36075A00AAD529 /* AppDelegate.swift in Sources */ = {isa = PBXBuildFile; fileRef = 4304442F1F36075A00AAD529 /* AppDelegate.swift */; };
		430444321F36075A00AAD529 /* ViewController.swift in Sources */ = {isa = PBXBuildFile; fileRef = 430444311F36075A00AAD529 /* ViewController.swift */; };
		430444351F36075A00AAD529 /* Main.storyboard in Resources */ = {isa = PBXBuildFile; fileRef = 430444331F36075A00AAD529 /* Main.storyboard */; };
		430444371F36075A00AAD529 /* Assets.xcassets in Resources */ = {isa = PBXBuildFile; fileRef = 430444361F36075A00AAD529 /* Assets.xcassets */; };
		4304443A1F36075A00AAD529 /* LaunchScreen.storyboard in Resources */ = {isa = PBXBuildFile; fileRef = 430444381F36075A00AAD529 /* LaunchScreen.storyboard */; };
		4304444B1F3640EF00AAD529 /* SegundoViewController.swift in Sources */ = {isa = PBXBuildFile; fileRef = 4304444A1F3640EF00AAD529 /* SegundoViewController.swift */; };
		4304444D1F36425700AAD529 /* TerceiroViewController.swift in Sources */ = {isa = PBXBuildFile; fileRef = 4304444C1F36425700AAD529 /* TerceiroViewController.swift */; };
/* End PBXBuildFile section */

/* Begin PBXFileReference section */
		4304442C1F36075A00AAD529 /* MeuApp.app */ = {isa = PBXFileReference; explicitFileType = wrapper.application; includeInIndex = 0; path = MeuApp.app; sourceTree = BUILT_PRODUCTS_DIR; };
		4304442F1F36075A00AAD529 /* AppDelegate.swift */ = {isa = PBXFileReference; lastKnownFileType = sourcecode.swift; path = AppDelegate.swift; sourceTree = "<group>"; };
		430444311F36075A00AAD529 /* ViewController.swift */ = {isa = PBXFileReference; lastKnownFileType = sourcecode.swift; path = ViewController.swift; sourceTree = "<group>"; };
		430444341F36075A00AAD529 /* Base */ = {isa = PBXFileReference; lastKnownFileType = file.storyboard; name = Base; path = Base.lproj/Main.storyboard; sourceTree = "<group>"; };
		430444361F36075A00AAD529 /* Assets.xcassets */ = {isa = PBXFileReference; lastKnownFileType = folder.assetcatalog; path = Assets.xcassets; sourceTree = "<group>"; };
		430444391F36075A00AAD529 /* Base */ = {isa = PBXFileReference; lastKnownFileType = file.storyboard; name = Base; path = Base.lproj/LaunchScreen.storyboard; sourceTree = "<group>"; };
		4304443B1F36075A00AAD529 /* Info.plist */ = {isa = PBXFileReference; lastKnownFileType = text.plist.xml; path = Info.plist; sourceTree = "<group>"; };
		430444441F36368B00AAD529 /* CoreData.framework */ = {isa = PBXFileReference; lastKnownFileType = wrapper.framework; name = CoreData.framework; path = System/Library/Frameworks/CoreData.framework; sourceTree = SDKROOT; };
		4304444A1F3640EF00AAD529 /* SegundoViewController.swift */ = {isa = PBXFileReference; fileEncoding = 4; lastKnownFileType = sourcecode.swift; path = SegundoViewController.swift; sourceTree = "<group>"; };
		4304444C1F36425700AAD529 /* TerceiroViewController.swift */ = {isa = PBXFileReference; fileEncoding = 4; lastKnownFileType = sourcecode.swift; path = TerceiroViewController.swift; sourceTree = "<group>"; };
/* End PBXFileReference section */

/* Begin PBXFrameworksBuildPhase section */
		430444291F36075A00AAD529 /* Frameworks */ = {
			isa = PBXFrameworksBuildPhase;
			buildActionMask = 2147483647;
			files = (
			);
			runOnlyForDeploymentPostprocessing = 0;
		};
/* End PBXFrameworksBuildPhase section */

/* Begin PBXGroup section */
		430444231F36075A00AAD529 = {
			isa = PBXGroup;
			children = (
				4304442E1F36075A00AAD529 /* MeuApp */,
				4304442D1F36075A00AAD529 /* Products */,
				430444411F36366300AAD529 /* Frameworks */,
			);
			sourceTree = "<group>";
		};
		4304442D1F36075A00AAD529 /* Products */ = {
			isa = PBXGroup;
			children = (
				4304442C1F36075A00AAD529 /* MeuApp.app */,
			);
			name = Products;
			sourceTree = "<group>";
		};
		4304442E1F36075A00AAD529 /* MeuApp */ = {
			isa = PBXGroup;
			children = (
				4304442F1F36075A00AAD529 /* AppDelegate.swift */,
				430444311F36075A00AAD529 /* ViewController.swift */,
				430444331F36075A00AAD529 /* Main.storyboard */,
				430444361F36075A00AAD529 /* Assets.xcassets */,
				430444381F36075A00AAD529 /* LaunchScreen.storyboard */,
				4304443B1F36075A00AAD529 /* Info.plist */,
				4304444A1F3640EF00AAD529 /* SegundoViewController.swift */,
				4304444C1F36425700AAD529 /* TerceiroViewController.swift */,
			);
			path = MeuApp;
			sourceTree = "<group>";
		};
		430444411F36366300AAD529 /* Frameworks */ = {
			isa = PBXGroup;
			children = (
				430444441F36368B00AAD529 /* CoreData.framework */,
			);
			name = Frameworks;
			sourceTree = "<group>";
		};
/* End PBXGroup section */

/* Begin PBXNativeTarget section */
		4304442B1F36075A00AAD529 /* MeuApp */ = {
			isa = PBXNativeTarget;
			buildConfigurationList = 4304443E1F36075A00AAD529 /* Build configuration list for PBXNativeTarget "MeuApp" */;
			buildPhases = (
				430444281F36075A00AAD529 /* Sources */,
				430444291F36075A00AAD529 /* Frameworks */,
				4304442A1F36075A00AAD529 /* Resources */,
			);
			buildRules = (
			);
			dependencies = (
			);
			name = MeuApp;
			productName = MeuApp;
			productReference = 4304442C1F36075A00AAD529 /* MeuApp.app */;
			productType = "com.apple.product-type.application";
		};
/* End PBXNativeTarget section */

/* Begin PBXProject section */
		430444241F36075A00AAD529 /* Project object */ = {
			isa = PBXProject;
			attributes = {
				LastSwiftUpdateCheck = 0830;
				LastUpgradeCheck = 0830;
				ORGANIZATIONNAME = Swift;
				TargetAttributes = {
					4304442B1F36075A00AAD529 = {
						CreatedOnToolsVersion = 8.3;
						DevelopmentTeam = 27WRPNL87W;
						ProvisioningStyle = Automatic;
						SystemCapabilities = {
							com.apple.Maps.iOS = {
								enabled = 0;
							};
						};
					};
				};
			};
			buildConfigurationList = 430444271F36075A00AAD529 /* Build configuration list for PBXProject "MeuApp" */;
			compatibilityVersion = "Xcode 3.2";
			developmentRegion = English;
			hasScannedForEncodings = 0;
			knownRegions = (
				en,
				Base,
			);
			mainGroup = 430444231F36075A00AAD529;
			productRefGroup = 4304442D1F36075A00AAD529 /* Products */;
			projectDirPath = "";
			projectRoot = "";
			targets = (
				4304442B1F36075A00AAD529 /* MeuApp */,
			);
		};
/* End PBXProject section */

/* Begin PBXResourcesBuildPhase section */
		4304442A1F36075A00AAD529 /* Resources */ = {
			isa = PBXResourcesBuildPhase;
			buildActionMask = 2147483647;
			files = (
				4304443A1F36075A00AAD529 /* LaunchScreen.storyboard in Resources */,
				430444371F36075A00AAD529 /* Assets.xcassets in Resources */,
				430444351F36075A00AAD529 /* Main.storyboard in Resources */,
			);
			runOnlyForDeploymentPostprocessing = 0;
		};
/* End PBXResourcesBuildPhase section */

/* Begin PBXSourcesBuildPhase section */
		430444281F36075A00AAD529 /* Sources */ = {
			isa = PBXSourcesBuildPhase;
			buildActionMask = 2147483647;
			files = (
				430444321F36075A00AAD529 /* ViewController.swift in Sources */,
				430444301F36075A00AAD529 /* AppDelegate.swift in Sources */,
				4304444B1F3640EF00AAD529 /* SegundoViewController.swift in Sources */,
				4304444D1F36425700AAD529 /* TerceiroViewController.swift in Sources */,
			);
			runOnlyForDeploymentPostprocessing = 0;
		};
/* End PBXSourcesBuildPhase section */

/* Begin PBXVariantGroup section */
		430444331F36075A00AAD529 /* Main.storyboard */ = {
			isa = PBXVariantGroup;
			children = (
				430444341F36075A00AAD529 /* Base */,
			);
			name = Main.storyboard;
			sourceTree = "<group>";
		};
		430444381F36075A00AAD529 /* LaunchScreen.storyboard */ = {
			isa = PBXVariantGroup;
			children = (
				430444391F36075A00AAD529 /* Base */,
			);
			name = LaunchScreen.storyboard;
			sourceTree = "<group>";
		};
/* End PBXVariantGroup section */

/* Begin XCBuildConfiguration section */
		4304443C1F36075A00AAD529 /* Debug */ = {
			isa = XCBuildConfiguration;
			buildSettings = {
				ALWAYS_SEARCH_USER_PATHS = NO;
				CLANG_ANALYZER_NONNULL = YES;
				CLANG_ANALYZER_NUMBER_OBJECT_CONVERSION = YES_AGGRESSIVE;
				CLANG_CXX_LANGUAGE_STANDARD = "gnu++0x";
				CLANG_CXX_LIBRARY = "libc++";
				CLANG_ENABLE_MODULES = YES;
				CLANG_ENABLE_OBJC_ARC = YES;
				CLANG_WARN_BOOL_CONVERSION = YES;
				CLANG_WARN_CONSTANT_CONVERSION = YES;
				CLANG_WARN_DIRECT_OBJC_ISA_USAGE = YES_ERROR;
				CLANG_WARN_DOCUMENTATION_COMMENTS = YES;
				CLANG_WARN_EMPTY_BODY = YES;
				CLANG_WARN_ENUM_CONVERSION = YES;
				CLANG_WARN_INFINITE_RECURSION = YES;
				CLANG_WARN_INT_CONVERSION = YES;
				CLANG_WARN_OBJC_ROOT_CLASS = YES_ERROR;
				CLANG_WARN_SUSPICIOUS_MOVE = YES;
				CLANG_WARN_UNREACHABLE_CODE = YES;
				CLANG_WARN__DUPLICATE_METHOD_MATCH = YES;
				"CODE_SIGN_IDENTITY[sdk=iphoneos*]" = "iPhone Developer";
				COPY_PHASE_STRIP = NO;
				DEBUG_INFORMATION_FORMAT = dwarf;
				ENABLE_STRICT_OBJC_MSGSEND = YES;
				ENABLE_TESTABILITY = YES;
				GCC_C_LANGUAGE_STANDARD = gnu99;
				GCC_DYNAMIC_NO_PIC = NO;
				GCC_NO_COMMON_BLOCKS = YES;
				GCC_OPTIMIZATION_LEVEL = 0;
				GCC_PREPROCESSOR_DEFINITIONS = (
					"DEBUG=1",
					"$(inherited)",
				);
				GCC_WARN_64_TO_32_BIT_CONVERSION = YES;
				GCC_WARN_ABOUT_RETURN_TYPE = YES_ERROR;
				GCC_WARN_UNDECLARED_SELECTOR = YES;
				GCC_WARN_UNINITIALIZED_AUTOS = YES_AGGRESSIVE;
				GCC_WARN_UNUSED_FUNCTION = YES;
				GCC_WARN_UNUSED_VARIABLE = YES;
				IPHONEOS_DEPLOYMENT_TARGET = 10.3;
				MTL_ENABLE_DEBUG_INFO = YES;
				ONLY_ACTIVE_ARCH = YES;
				SDKROOT = iphoneos;
				SWIFT_ACTIVE_COMPILATION_CONDITIONS = DEBUG;
				SWIFT_OPTIMIZATION_LEVEL = "-Onone";
			};
			name = Debug;
		};
		4304443D1F36075A00AAD529 /* Release */ = {
			isa = XCBuildConfiguration;
			buildSettings = {
				ALWAYS_SEARCH_USER_PATHS = NO;
				CLANG_ANALYZER_NONNULL = YES;
				CLANG_ANALYZER_NUMBER_OBJECT_CONVERSION = YES_AGGRESSIVE;
				CLANG_CXX_LANGUAGE_STANDARD = "gnu++0x";
				CLANG_CXX_LIBRARY = "libc++";
				CLANG_ENABLE_MODULES = YES;
				CLANG_ENABLE_OBJC_ARC = YES;
				CLANG_WARN_BOOL_CONVERSION = YES;
				CLANG_WARN_CONSTANT_CONVERSION = YES;
				CLANG_WARN_DIRECT_OBJC_ISA_USAGE = YES_ERROR;
				CLANG_WARN_DOCUMENTATION_COMMENTS = YES;
				CLANG_WARN_EMPTY_BODY = YES;
				CLANG_WARN_ENUM_CONVERSION = YES;
				CLANG_WARN_INFINITE_RECURSION = YES;
				CLANG_WARN_INT_CONVERSION = YES;
				CLANG_WARN_OBJC_ROOT_CLASS = YES_ERROR;
				CLANG_WARN_SUSPICIOUS_MOVE = YES;
				CLANG_WARN_UNREACHABLE_CODE = YES;
				CLANG_WARN__DUPLICATE_METHOD_MATCH = YES;
				"CODE_SIGN_IDENTITY[sdk=iphoneos*]" = "iPhone Developer";
				COPY_PHASE_STRIP = NO;
				DEBUG_INFORMATION_FORMAT = "dwarf-with-dsym";
				ENABLE_NS_ASSERTIONS = NO;
				ENABLE_STRICT_OBJC_MSGSEND = YES;
				GCC_C_LANGUAGE_STANDARD = gnu99;
				GCC_NO_COMMON_BLOCKS = YES;
				GCC_WARN_64_TO_32_BIT_CONVERSION = YES;
				GCC_WARN_ABOUT_RETURN_TYPE = YES_ERROR;
				GCC_WARN_UNDECLARED_SELECTOR = YES;
				GCC_WARN_UNINITIALIZED_AUTOS = YES_AGGRESSIVE;
				GCC_WARN_UNUSED_FUNCTION = YES;
				GCC_WARN_UNUSED_VARIABLE = YES;
				IPHONEOS_DEPLOYMENT_TARGET = 10.3;
				MTL_ENABLE_DEBUG_INFO = NO;
				SDKROOT = iphoneos;
				SWIFT_OPTIMIZATION_LEVEL = "-Owholemodule";
				VALIDATE_PRODUCT = YES;
			};
			name = Release;
		};
		4304443F1F36075A00AAD529 /* Debug */ = {
			isa = XCBuildConfiguration;
			buildSettings = {
				ASSETCATALOG_COMPILER_APPICON_NAME = AppIcon;
				ASSETCATALOG_COMPILER_LAUNCHIMAGE_NAME = LaunchImage;
				"CODE_SIGN_IDENTITY[sdk=iphoneos*]" = "iPhone Developer";
				DEVELOPMENT_TEAM = 27WRPNL87W;
				INFOPLIST_FILE = MeuApp/Info.plist;
				IPHONEOS_DEPLOYMENT_TARGET = 10.3;
				LD_RUNPATH_SEARCH_PATHS = "$(inherited) @executable_path/Frameworks";
				PRODUCT_BUNDLE_IDENTIFIER = br.com.swift.MeuApp;
				PRODUCT_NAME = "$(TARGET_NAME)";
				PROVISIONING_PROFILE_SPECIFIER = "";
				SWIFT_VERSION = 3.0;
				TARGETED_DEVICE_FAMILY = 1;
			};
			name = Debug;
		};
		430444401F36075A00AAD529 /* Release */ = {
			isa = XCBuildConfiguration;
			buildSettings = {
				ASSETCATALOG_COMPILER_APPICON_NAME = AppIcon;
				ASSETCATALOG_COMPILER_LAUNCHIMAGE_NAME = LaunchImage;
				"CODE_SIGN_IDENTITY[sdk=iphoneos*]" = "iPhone Developer";
				DEVELOPMENT_TEAM = 27WRPNL87W;
				INFOPLIST_FILE = MeuApp/Info.plist;
				IPHONEOS_DEPLOYMENT_TARGET = 10.3;
				LD_RUNPATH_SEARCH_PATHS = "$(inherited) @executable_path/Frameworks";
				PRODUCT_BUNDLE_IDENTIFIER = br.com.swift.MeuApp;
				PRODUCT_NAME = "$(TARGET_NAME)";
				PROVISIONING_PROFILE_SPECIFIER = "";
				SWIFT_VERSION = 3.0;
				TARGETED_DEVICE_FAMILY = 1;
			};
			name = Release;
		};
/* End XCBuildConfiguration section */

/* Begin XCConfigurationList section */
		430444271F36075A00AAD529 /* Build configuration list for PBXProject "MeuApp" */ = {
			isa = XCConfigurationList;
			buildConfigurations = (
				4304443C1F36075A00AAD529 /* Debug */,
				4304443D1F36075A00AAD529 /* Release */,
			);
			defaultConfigurationIsVisible = 0;
			defaultConfigurationName = Release;
		};
		4304443E1F36075A00AAD529 /* Build configuration list for PBXNativeTarget "MeuApp" */ = {
			isa = XCConfigurationList;
			buildConfigurations = (
				4304443F1F36075A00AAD529 /* Debug */,
				430444401F36075A00AAD529 /* Release */,
			);
			defaultConfigurationIsVisible = 0;
			defaultConfigurationName = Release;
		};
/* End XCConfigurationList section */
	};
	rootObject = 430444241F36075A00AAD529 /* Project object */;
}
