// !$*UTF8*$!
{
	archiveVersion = 1;
	classes = {
	};
	objectVersion = 46;
	objects = {

/* Begin PBXBuildFile section */
		43D6F4921F5B22D200C2D86D /* AppDelegate.swift in Sources */ = {isa = PBXBuildFile; fileRef = 43D6F4911F5B22D200C2D86D /* AppDelegate.swift */; };
		43D6F4941F5B22D200C2D86D /* ViewController.swift in Sources */ = {isa = PBXBuildFile; fileRef = 43D6F4931F5B22D200C2D86D /* ViewController.swift */; };
		43D6F4971F5B22D200C2D86D /* Main.storyboard in Resources */ = {isa = PBXBuildFile; fileRef = 43D6F4951F5B22D200C2D86D /* Main.storyboard */; };
		43D6F4991F5B22D200C2D86D /* Assets.xcassets in Resources */ = {isa = PBXBuildFile; fileRef = 43D6F4981F5B22D200C2D86D /* Assets.xcassets */; };
		43D6F49C1F5B22D200C2D86D /* LaunchScreen.storyboard in Resources */ = {isa = PBXBuildFile; fileRef = 43D6F49A1F5B22D200C2D86D /* LaunchScreen.storyboard */; };
/* End PBXBuildFile section */

/* Begin PBXFileReference section */
		43D6F48E1F5B22D200C2D86D /* Swift200_Day5_AutoLayout.app */ = {isa = PBXFileReference; explicitFileType = wrapper.application; includeInIndex = 0; path = Swift200_Day5_AutoLayout.app; sourceTree = BUILT_PRODUCTS_DIR; };
		43D6F4911F5B22D200C2D86D /* AppDelegate.swift */ = {isa = PBXFileReference; lastKnownFileType = sourcecode.swift; path = AppDelegate.swift; sourceTree = "<group>"; };
		43D6F4931F5B22D200C2D86D /* ViewController.swift */ = {isa = PBXFileReference; lastKnownFileType = sourcecode.swift; path = ViewController.swift; sourceTree = "<group>"; };
		43D6F4961F5B22D200C2D86D /* Base */ = {isa = PBXFileReference; lastKnownFileType = file.storyboard; name = Base; path = Base.lproj/Main.storyboard; sourceTree = "<group>"; };
		43D6F4981F5B22D200C2D86D /* Assets.xcassets */ = {isa = PBXFileReference; lastKnownFileType = folder.assetcatalog; path = Assets.xcassets; sourceTree = "<group>"; };
		43D6F49B1F5B22D200C2D86D /* Base */ = {isa = PBXFileReference; lastKnownFileType = file.storyboard; name = Base; path = Base.lproj/LaunchScreen.storyboard; sourceTree = "<group>"; };
		43D6F49D1F5B22D200C2D86D /* Info.plist */ = {isa = PBXFileReference; lastKnownFileType = text.plist.xml; path = Info.plist; sourceTree = "<group>"; };
/* End PBXFileReference section */

/* Begin PBXFrameworksBuildPhase section */
		43D6F48B1F5B22D200C2D86D /* Frameworks */ = {
			isa = PBXFrameworksBuildPhase;
			buildActionMask = 2147483647;
			files = (
			);
			runOnlyForDeploymentPostprocessing = 0;
		};
/* End PBXFrameworksBuildPhase section */

/* Begin PBXGroup section */
		43D6F4851F5B22D200C2D86D = {
			isa = PBXGroup;
			children = (
				43D6F4901F5B22D200C2D86D /* Swift200_Day5_AutoLayout */,
			);
			sourceTree = "<group>";
		};
		43D6F48F1F5B22D200C2D86D /* Products */ = {
			isa = PBXGroup;
			children = (
				43D6F48E1F5B22D200C2D86D /* Swift200_Day5_AutoLayout.app */,
			);
			name = Products;
			path = ..;
			sourceTree = "<group>";
		};
		43D6F4901F5B22D200C2D86D /* Swift200_Day5_AutoLayout */ = {
			isa = PBXGroup;
			children = (
				43D6F4A61F5B232F00C2D86D /* Controllers */,
				43D6F4A51F5B232800C2D86D /* Suporte */,
				43D6F4A41F5B232200C2D86D /* Imagem */,
				43D6F4A31F5B231C00C2D86D /* Layout */,
				43D6F49D1F5B22D200C2D86D /* Info.plist */,
			);
			path = Swift200_Day5_AutoLayout;
			sourceTree = "<group>";
		};
		43D6F4A31F5B231C00C2D86D /* Layout */ = {
			isa = PBXGroup;
			children = (
				43D6F49A1F5B22D200C2D86D /* LaunchScreen.storyboard */,
				43D6F4951F5B22D200C2D86D /* Main.storyboard */,
			);
			name = Layout;
			sourceTree = "<group>";
		};
		43D6F4A41F5B232200C2D86D /* Imagem */ = {
			isa = PBXGroup;
			children = (
				43D6F4981F5B22D200C2D86D /* Assets.xcassets */,
			);
			name = Imagem;
			sourceTree = "<group>";
		};
		43D6F4A51F5B232800C2D86D /* Suporte */ = {
			isa = PBXGroup;
			children = (
				43D6F48F1F5B22D200C2D86D /* Products */,
			);
			name = Suporte;
			sourceTree = "<group>";
		};
		43D6F4A61F5B232F00C2D86D /* Controllers */ = {
			isa = PBXGroup;
			children = (
				43D6F4931F5B22D200C2D86D /* ViewController.swift */,
				43D6F4911F5B22D200C2D86D /* AppDelegate.swift */,
			);
			name = Controllers;
			sourceTree = "<group>";
		};
/* End PBXGroup section */

/* Begin PBXNativeTarget section */
		43D6F48D1F5B22D200C2D86D /* Swift200_Day5_AutoLayout */ = {
			isa = PBXNativeTarget;
			buildConfigurationList = 43D6F4A01F5B22D200C2D86D /* Build configuration list for PBXNativeTarget "Swift200_Day5_AutoLayout" */;
			buildPhases = (
				43D6F48A1F5B22D200C2D86D /* Sources */,
				43D6F48B1F5B22D200C2D86D /* Frameworks */,
				43D6F48C1F5B22D200C2D86D /* Resources */,
			);
			buildRules = (
			);
			dependencies = (
			);
			name = Swift200_Day5_AutoLayout;
			productName = Swift200_Day5_AutoLayout;
			productReference = 43D6F48E1F5B22D200C2D86D /* Swift200_Day5_AutoLayout.app */;
			productType = "com.apple.product-type.application";
		};
/* End PBXNativeTarget section */

/* Begin PBXProject section */
		43D6F4861F5B22D200C2D86D /* Project object */ = {
			isa = PBXProject;
			attributes = {
				LastSwiftUpdateCheck = 0830;
				LastUpgradeCheck = 0830;
				ORGANIZATIONNAME = Swift;
				TargetAttributes = {
					43D6F48D1F5B22D200C2D86D = {
						CreatedOnToolsVersion = 8.3;
						ProvisioningStyle = Automatic;
					};
				};
			};
			buildConfigurationList = 43D6F4891F5B22D200C2D86D /* Build configuration list for PBXProject "Swift200_Day5_AutoLayout" */;
			compatibilityVersion = "Xcode 3.2";
			developmentRegion = English;
			hasScannedForEncodings = 0;
			knownRegions = (
				en,
				Base,
			);
			mainGroup = 43D6F4851F5B22D200C2D86D;
			productRefGroup = 43D6F48F1F5B22D200C2D86D /* Products */;
			projectDirPath = "";
			projectRoot = "";
			targets = (
				43D6F48D1F5B22D200C2D86D /* Swift200_Day5_AutoLayout */,
			);
		};
/* End PBXProject section */

/* Begin PBXResourcesBuildPhase section */
		43D6F48C1F5B22D200C2D86D /* Resources */ = {
			isa = PBXResourcesBuildPhase;
			buildActionMask = 2147483647;
			files = (
				43D6F49C1F5B22D200C2D86D /* LaunchScreen.storyboard in Resources */,
				43D6F4991F5B22D200C2D86D /* Assets.xcassets in Resources */,
				43D6F4971F5B22D200C2D86D /* Main.storyboard in Resources */,
			);
			runOnlyForDeploymentPostprocessing = 0;
		};
/* End PBXResourcesBuildPhase section */

/* Begin PBXSourcesBuildPhase section */
		43D6F48A1F5B22D200C2D86D /* Sources */ = {
			isa = PBXSourcesBuildPhase;
			buildActionMask = 2147483647;
			files = (
				43D6F4941F5B22D200C2D86D /* ViewController.swift in Sources */,
				43D6F4921F5B22D200C2D86D /* AppDelegate.swift in Sources */,
			);
			runOnlyForDeploymentPostprocessing = 0;
		};
/* End PBXSourcesBuildPhase section */

/* Begin PBXVariantGroup section */
		43D6F4951F5B22D200C2D86D /* Main.storyboard */ = {
			isa = PBXVariantGroup;
			children = (
				43D6F4961F5B22D200C2D86D /* Base */,
			);
			name = Main.storyboard;
			sourceTree = "<group>";
		};
		43D6F49A1F5B22D200C2D86D /* LaunchScreen.storyboard */ = {
			isa = PBXVariantGroup;
			children = (
				43D6F49B1F5B22D200C2D86D /* Base */,
			);
			name = LaunchScreen.storyboard;
			sourceTree = "<group>";
		};
/* End PBXVariantGroup section */

/* Begin XCBuildConfiguration section */
		43D6F49E1F5B22D200C2D86D /* Debug */ = {
			isa = XCBuildConfiguration;
			buildSettings = {
				ALWAYS_SEARCH_USER_PATHS = NO;
				CLANG_ANALYZER_NONNULL = YES;
				CLANG_ANALYZER_NUMBER_OBJECT_CONVERSION = YES_AGGRESSIVE;
				CLANG_CXX_LANGUAGE_STANDARD = "gnu++0x";
				CLANG_CXX_LIBRARY = "libc++";
				CLANG_ENABLE_MODULES = YES;
				CLANG_ENABLE_OBJC_ARC = YES;
				CLANG_WARN_BOOL_CONVERSION = YES;
				CLANG_WARN_CONSTANT_CONVERSION = YES;
				CLANG_WARN_DIRECT_OBJC_ISA_USAGE = YES_ERROR;
				CLANG_WARN_DOCUMENTATION_COMMENTS = YES;
				CLANG_WARN_EMPTY_BODY = YES;
				CLANG_WARN_ENUM_CONVERSION = YES;
				CLANG_WARN_INFINITE_RECURSION = YES;
				CLANG_WARN_INT_CONVERSION = YES;
				CLANG_WARN_OBJC_ROOT_CLASS = YES_ERROR;
				CLANG_WARN_SUSPICIOUS_MOVE = YES;
				CLANG_WARN_UNREACHABLE_CODE = YES;
				CLANG_WARN__DUPLICATE_METHOD_MATCH = YES;
				"CODE_SIGN_IDENTITY[sdk=iphoneos*]" = "iPhone Developer";
				COPY_PHASE_STRIP = NO;
				DEBUG_INFORMATION_FORMAT = dwarf;
				ENABLE_STRICT_OBJC_MSGSEND = YES;
				ENABLE_TESTABILITY = YES;
				GCC_C_LANGUAGE_STANDARD = gnu99;
				GCC_DYNAMIC_NO_PIC = NO;
				GCC_NO_COMMON_BLOCKS = YES;
				GCC_OPTIMIZATION_LEVEL = 0;
				GCC_PREPROCESSOR_DEFINITIONS = (
					"DEBUG=1",
					"$(inherited)",
				);
				GCC_WARN_64_TO_32_BIT_CONVERSION = YES;
				GCC_WARN_ABOUT_RETURN_TYPE = YES_ERROR;
				GCC_WARN_UNDECLARED_SELECTOR = YES;
				GCC_WARN_UNINITIALIZED_AUTOS = YES_AGGRESSIVE;
				GCC_WARN_UNUSED_FUNCTION = YES;
				GCC_WARN_UNUSED_VARIABLE = YES;
				IPHONEOS_DEPLOYMENT_TARGET = 10.3;
				MTL_ENABLE_DEBUG_INFO = YES;
				ONLY_ACTIVE_ARCH = YES;
				SDKROOT = iphoneos;
				SWIFT_ACTIVE_COMPILATION_CONDITIONS = DEBUG;
				SWIFT_OPTIMIZATION_LEVEL = "-Onone";
				TARGETED_DEVICE_FAMILY = "1,2";
			};
			name = Debug;
		};
		43D6F49F1F5B22D200C2D86D /* Release */ = {
			isa = XCBuildConfiguration;
			buildSettings = {
				ALWAYS_SEARCH_USER_PATHS = NO;
				CLANG_ANALYZER_NONNULL = YES;
				CLANG_ANALYZER_NUMBER_OBJECT_CONVERSION = YES_AGGRESSIVE;
				CLANG_CXX_LANGUAGE_STANDARD = "gnu++0x";
				CLANG_CXX_LIBRARY = "libc++";
				CLANG_ENABLE_MODULES = YES;
				CLANG_ENABLE_OBJC_ARC = YES;
				CLANG_WARN_BOOL_CONVERSION = YES;
				CLANG_WARN_CONSTANT_CONVERSION = YES;
				CLANG_WARN_DIRECT_OBJC_ISA_USAGE = YES_ERROR;
				CLANG_WARN_DOCUMENTATION_COMMENTS = YES;
				CLANG_WARN_EMPTY_BODY = YES;
				CLANG_WARN_ENUM_CONVERSION = YES;
				CLANG_WARN_INFINITE_RECURSION = YES;
				CLANG_WARN_INT_CONVERSION = YES;
				CLANG_WARN_OBJC_ROOT_CLASS = YES_ERROR;
				CLANG_WARN_SUSPICIOUS_MOVE = YES;
				CLANG_WARN_UNREACHABLE_CODE = YES;
				CLANG_WARN__DUPLICATE_METHOD_MATCH = YES;
				"CODE_SIGN_IDENTITY[sdk=iphoneos*]" = "iPhone Developer";
				COPY_PHASE_STRIP = NO;
				DEBUG_INFORMATION_FORMAT = "dwarf-with-dsym";
				ENABLE_NS_ASSERTIONS = NO;
				ENABLE_STRICT_OBJC_MSGSEND = YES;
				GCC_C_LANGUAGE_STANDARD = gnu99;
				GCC_NO_COMMON_BLOCKS = YES;
				GCC_WARN_64_TO_32_BIT_CONVERSION = YES;
				GCC_WARN_ABOUT_RETURN_TYPE = YES_ERROR;
				GCC_WARN_UNDECLARED_SELECTOR = YES;
				GCC_WARN_UNINITIALIZED_AUTOS = YES_AGGRESSIVE;
				GCC_WARN_UNUSED_FUNCTION = YES;
				GCC_WARN_UNUSED_VARIABLE = YES;
				IPHONEOS_DEPLOYMENT_TARGET = 10.3;
				MTL_ENABLE_DEBUG_INFO = NO;
				SDKROOT = iphoneos;
				SWIFT_OPTIMIZATION_LEVEL = "-Owholemodule";
				TARGETED_DEVICE_FAMILY = "1,2";
				VALIDATE_PRODUCT = YES;
			};
			name = Release;
		};
		43D6F4A11F5B22D200C2D86D /* Debug */ = {
			isa = XCBuildConfiguration;
			buildSettings = {
				ASSETCATALOG_COMPILER_APPICON_NAME = AppIcon;
				INFOPLIST_FILE = Swift200_Day5_AutoLayout/Info.plist;
				LD_RUNPATH_SEARCH_PATHS = "$(inherited) @executable_path/Frameworks";
				PRODUCT_BUNDLE_IDENTIFIER = "br.com.swift.Swift200-Day5-AutoLayout";
				PRODUCT_NAME = "$(TARGET_NAME)";
				SWIFT_VERSION = 3.0;
			};
			name = Debug;
		};
		43D6F4A21F5B22D200C2D86D /* Release */ = {
			isa = XCBuildConfiguration;
			buildSettings = {
				ASSETCATALOG_COMPILER_APPICON_NAME = AppIcon;
				INFOPLIST_FILE = Swift200_Day5_AutoLayout/Info.plist;
				LD_RUNPATH_SEARCH_PATHS = "$(inherited) @executable_path/Frameworks";
				PRODUCT_BUNDLE_IDENTIFIER = "br.com.swift.Swift200-Day5-AutoLayout";
				PRODUCT_NAME = "$(TARGET_NAME)";
				SWIFT_VERSION = 3.0;
			};
			name = Release;
		};
/* End XCBuildConfiguration section */

/* Begin XCConfigurationList section */
		43D6F4891F5B22D200C2D86D /* Build configuration list for PBXProject "Swift200_Day5_AutoLayout" */ = {
			isa = XCConfigurationList;
			buildConfigurations = (
				43D6F49E1F5B22D200C2D86D /* Debug */,
				43D6F49F1F5B22D200C2D86D /* Release */,
			);
			defaultConfigurationIsVisible = 0;
			defaultConfigurationName = Release;
		};
		43D6F4A01F5B22D200C2D86D /* Build configuration list for PBXNativeTarget "Swift200_Day5_AutoLayout" */ = {
			isa = XCConfigurationList;
			buildConfigurations = (
				43D6F4A11F5B22D200C2D86D /* Debug */,
				43D6F4A21F5B22D200C2D86D /* Release */,
			);
			defaultConfigurationIsVisible = 0;
		};
/* End XCConfigurationList section */
	};
	rootObject = 43D6F4861F5B22D200C2D86D /* Project object */;
}
